// !$*UTF8*$!
{
	archiveVersion = 1;
	classes = {
	};
	objectVersion = 56;
	objects = {

/* Begin PBXBuildFile section */
		4D1B1BB02A5DF06D008BCF16 /* MatchedGeometryEffectsFullScreenCoverApp.swift in Sources */ = {isa = PBXBuildFile; fileRef = 4D1B1BAF2A5DF06D008BCF16 /* MatchedGeometryEffectsFullScreenCoverApp.swift */; };
		4D1B1BB22A5DF06D008BCF16 /* ContentView.swift in Sources */ = {isa = PBXBuildFile; fileRef = 4D1B1BB12A5DF06D008BCF16 /* ContentView.swift */; };
		4D1B1BB42A5DF06F008BCF16 /* Assets.xcassets in Resources */ = {isa = PBXBuildFile; fileRef = 4D1B1BB32A5DF06F008BCF16 /* Assets.xcassets */; };
		4D1B1BB72A5DF06F008BCF16 /* Preview Assets.xcassets in Resources */ = {isa = PBXBuildFile; fileRef = 4D1B1BB62A5DF06F008BCF16 /* Preview Assets.xcassets */; };
		4D1B1BC02A5DF203008BCF16 /* Row.swift in Sources */ = {isa = PBXBuildFile; fileRef = 4D1B1BBF2A5DF203008BCF16 /* Row.swift */; };
		4D1B1BC22A5DF2AE008BCF16 /* Home.swift in Sources */ = {isa = PBXBuildFile; fileRef = 4D1B1BC12A5DF2AE008BCF16 /* Home.swift */; };
		4D1B1BC42A5E0AAA008BCF16 /* DetailView.swift in Sources */ = {isa = PBXBuildFile; fileRef = 4D1B1BC32A5E0AAA008BCF16 /* DetailView.swift */; };
/* End PBXBuildFile section */

/* Begin PBXFileReference section */
		4D1B1BAC2A5DF06D008BCF16 /* MatchedGeometryEffectsFullScreenCover.app */ = {isa = PBXFileReference; explicitFileType = wrapper.application; includeInIndex = 0; path = MatchedGeometryEffectsFullScreenCover.app; sourceTree = BUILT_PRODUCTS_DIR; };
		4D1B1BAF2A5DF06D008BCF16 /* MatchedGeometryEffectsFullScreenCoverApp.swift */ = {isa = PBXFileReference; lastKnownFileType = sourcecode.swift; path = MatchedGeometryEffectsFullScreenCoverApp.swift; sourceTree = "<group>"; };
		4D1B1BB12A5DF06D008BCF16 /* ContentView.swift */ = {isa = PBXFileReference; lastKnownFileType = sourcecode.swift; path = ContentView.swift; sourceTree = "<group>"; };
		4D1B1BB32A5DF06F008BCF16 /* Assets.xcassets */ = {isa = PBXFileReference; lastKnownFileType = folder.assetcatalog; path = Assets.xcassets; sourceTree = "<group>"; };
		4D1B1BB62A5DF06F008BCF16 /* Preview Assets.xcassets */ = {isa = PBXFileReference; lastKnownFileType = folder.assetcatalog; path = "Preview Assets.xcassets"; sourceTree = "<group>"; };
		4D1B1BBF2A5DF203008BCF16 /* Row.swift */ = {isa = PBXFileReference; lastKnownFileType = sourcecode.swift; path = Row.swift; sourceTree = "<group>"; };
		4D1B1BC12A5DF2AE008BCF16 /* Home.swift */ = {isa = PBXFileReference; lastKnownFileType = sourcecode.swift; path = Home.swift; sourceTree = "<group>"; };
		4D1B1BC32A5E0AAA008BCF16 /* DetailView.swift */ = {isa = PBXFileReference; lastKnownFileType = sourcecode.swift; path = DetailView.swift; sourceTree = "<group>"; };
/* End PBXFileReference section */

/* Begin PBXFrameworksBuildPhase section */
		4D1B1BA92A5DF06D008BCF16 /* Frameworks */ = {
			isa = PBXFrameworksBuildPhase;
			buildActionMask = 2147483647;
			files = (
			);
			runOnlyForDeploymentPostprocessing = 0;
		};
/* End PBXFrameworksBuildPhase section */

/* Begin PBXGroup section */
		4D1B1BA32A5DF06D008BCF16 = {
			isa = PBXGroup;
			children = (
				4D1B1BAE2A5DF06D008BCF16 /* MatchedGeometryEffectsFullScreenCover */,
				4D1B1BAD2A5DF06D008BCF16 /* Products */,
			);
			sourceTree = "<group>";
		};
		4D1B1BAD2A5DF06D008BCF16 /* Products */ = {
			isa = PBXGroup;
			children = (
				4D1B1BAC2A5DF06D008BCF16 /* MatchedGeometryEffectsFullScreenCover.app */,
			);
			name = Products;
			sourceTree = "<group>";
		};
		4D1B1BAE2A5DF06D008BCF16 /* MatchedGeometryEffectsFullScreenCover */ = {
			isa = PBXGroup;
			children = (
				4D1B1BBD2A5DF1C9008BCF16 /* Model */,
				4D1B1BBE2A5DF1D2008BCF16 /* View */,
				4D1B1BAF2A5DF06D008BCF16 /* MatchedGeometryEffectsFullScreenCoverApp.swift */,
				4D1B1BB12A5DF06D008BCF16 /* ContentView.swift */,
				4D1B1BB32A5DF06F008BCF16 /* Assets.xcassets */,
				4D1B1BB52A5DF06F008BCF16 /* Preview Content */,
			);
			path = MatchedGeometryEffectsFullScreenCover;
			sourceTree = "<group>";
		};
		4D1B1BB52A5DF06F008BCF16 /* Preview Content */ = {
			isa = PBXGroup;
			children = (
				4D1B1BB62A5DF06F008BCF16 /* Preview Assets.xcassets */,
			);
			path = "Preview Content";
			sourceTree = "<group>";
		};
		4D1B1BBD2A5DF1C9008BCF16 /* Model */ = {
			isa = PBXGroup;
			children = (
				4D1B1BBF2A5DF203008BCF16 /* Row.swift */,
			);
			path = Model;
			sourceTree = "<group>";
		};
		4D1B1BBE2A5DF1D2008BCF16 /* View */ = {
			isa = PBXGroup;
			children = (
				4D1B1BC12A5DF2AE008BCF16 /* Home.swift */,
				4D1B1BC32A5E0AAA008BCF16 /* DetailView.swift */,
			);
			path = View;
			sourceTree = "<group>";
		};
/* End PBXGroup section */

/* Begin PBXNativeTarget section */
		4D1B1BAB2A5DF06D008BCF16 /* MatchedGeometryEffectsFullScreenCover */ = {
			isa = PBXNativeTarget;
			buildConfigurationList = 4D1B1BBA2A5DF06F008BCF16 /* Build configuration list for PBXNativeTarget "MatchedGeometryEffectsFullScreenCover" */;
			buildPhases = (
				4D1B1BA82A5DF06D008BCF16 /* Sources */,
				4D1B1BA92A5DF06D008BCF16 /* Frameworks */,
				4D1B1BAA2A5DF06D008BCF16 /* Resources */,
			);
			buildRules = (
			);
			dependencies = (
			);
			name = MatchedGeometryEffectsFullScreenCover;
			productName = MatchedGeometryEffectsFullScreenCover;
			productReference = 4D1B1BAC2A5DF06D008BCF16 /* MatchedGeometryEffectsFullScreenCover.app */;
			productType = "com.apple.product-type.application";
		};
/* End PBXNativeTarget section */

/* Begin PBXProject section */
		4D1B1BA42A5DF06D008BCF16 /* Project object */ = {
			isa = PBXProject;
			attributes = {
				BuildIndependentTargetsInParallel = 1;
				LastSwiftUpdateCheck = 1430;
				LastUpgradeCheck = 1430;
				TargetAttributes = {
					4D1B1BAB2A5DF06D008BCF16 = {
						CreatedOnToolsVersion = 14.3;
					};
				};
			};
			buildConfigurationList = 4D1B1BA72A5DF06D008BCF16 /* Build configuration list for PBXProject "MatchedGeometryEffectsFullScreenCover" */;
			compatibilityVersion = "Xcode 14.0";
			developmentRegion = en;
			hasScannedForEncodings = 0;
			knownRegions = (
				en,
				Base,
			);
			mainGroup = 4D1B1BA32A5DF06D008BCF16;
			productRefGroup = 4D1B1BAD2A5DF06D008BCF16 /* Products */;
			projectDirPath = "";
			projectRoot = "";
			targets = (
				4D1B1BAB2A5DF06D008BCF16 /* MatchedGeometryEffectsFullScreenCover */,
			);
		};
/* End PBXProject section */

/* Begin PBXResourcesBuildPhase section */
		4D1B1BAA2A5DF06D008BCF16 /* Resources */ = {
			isa = PBXResourcesBuildPhase;
			buildActionMask = 2147483647;
			files = (
				4D1B1BB72A5DF06F008BCF16 /* Preview Assets.xcassets in Resources */,
				4D1B1BB42A5DF06F008BCF16 /* Assets.xcassets in Resources */,
			);
			runOnlyForDeploymentPostprocessing = 0;
		};
/* End PBXResourcesBuildPhase section */

/* Begin PBXSourcesBuildPhase section */
		4D1B1BA82A5DF06D008BCF16 /* Sources */ = {
			isa = PBXSourcesBuildPhase;
			buildActionMask = 2147483647;
			files = (
				4D1B1BB22A5DF06D008BCF16 /* ContentView.swift in Sources */,
				4D1B1BC02A5DF203008BCF16 /* Row.swift in Sources */,
				4D1B1BC22A5DF2AE008BCF16 /* Home.swift in Sources */,
				4D1B1BC42A5E0AAA008BCF16 /* DetailView.swift in Sources */,
				4D1B1BB02A5DF06D008BCF16 /* MatchedGeometryEffectsFullScreenCoverApp.swift in Sources */,
			);
			runOnlyForDeploymentPostprocessing = 0;
		};
/* End PBXSourcesBuildPhase section */

/* Begin XCBuildConfiguration section */
		4D1B1BB82A5DF06F008BCF16 /* Debug */ = {
			isa = XCBuildConfiguration;
			buildSettings = {
				ALWAYS_SEARCH_USER_PATHS = NO;
				CLANG_ANALYZER_NONNULL = YES;
				CLANG_ANALYZER_NUMBER_OBJECT_CONVERSION = YES_AGGRESSIVE;
				CLANG_CXX_LANGUAGE_STANDARD = "gnu++20";
				CLANG_ENABLE_MODULES = YES;
				CLANG_ENABLE_OBJC_ARC = YES;
				CLANG_ENABLE_OBJC_WEAK = YES;
				CLANG_WARN_BLOCK_CAPTURE_AUTORELEASING = YES;
				CLANG_WARN_BOOL_CONVERSION = YES;
				CLANG_WARN_COMMA = YES;
				CLANG_WARN_CONSTANT_CONVERSION = YES;
				CLANG_WARN_DEPRECATED_OBJC_IMPLEMENTATIONS = YES;
				CLANG_WARN_DIRECT_OBJC_ISA_USAGE = YES_ERROR;
				CLANG_WARN_DOCUMENTATION_COMMENTS = YES;
				CLANG_WARN_EMPTY_BODY = YES;
				CLANG_WARN_ENUM_CONVERSION = YES;
				CLANG_WARN_INFINITE_RECURSION = YES;
				CLANG_WARN_INT_CONVERSION = YES;
				CLANG_WARN_NON_LITERAL_NULL_CONVERSION = YES;
				CLANG_WARN_OBJC_IMPLICIT_RETAIN_SELF = YES;
				CLANG_WARN_OBJC_LITERAL_CONVERSION = YES;
				CLANG_WARN_OBJC_ROOT_CLASS = YES_ERROR;
				CLANG_WARN_QUOTED_INCLUDE_IN_FRAMEWORK_HEADER = YES;
				CLANG_WARN_RANGE_LOOP_ANALYSIS = YES;
				CLANG_WARN_STRICT_PROTOTYPES = YES;
				CLANG_WARN_SUSPICIOUS_MOVE = YES;
				CLANG_WARN_UNGUARDED_AVAILABILITY = YES_AGGRESSIVE;
				CLANG_WARN_UNREACHABLE_CODE = YES;
				CLANG_WARN__DUPLICATE_METHOD_MATCH = YES;
				COPY_PHASE_STRIP = NO;
				DEBUG_INFORMATION_FORMAT = dwarf;
				ENABLE_STRICT_OBJC_MSGSEND = YES;
				ENABLE_TESTABILITY = YES;
				GCC_C_LANGUAGE_STANDARD = gnu11;
				GCC_DYNAMIC_NO_PIC = NO;
				GCC_NO_COMMON_BLOCKS = YES;
				GCC_OPTIMIZATION_LEVEL = 0;
				GCC_PREPROCESSOR_DEFINITIONS = (
					"DEBUG=1",
					"$(inherited)",
				);
				GCC_WARN_64_TO_32_BIT_CONVERSION = YES;
				GCC_WARN_ABOUT_RETURN_TYPE = YES_ERROR;
				GCC_WARN_UNDECLARED_SELECTOR = YES;
				GCC_WARN_UNINITIALIZED_AUTOS = YES_AGGRESSIVE;
				GCC_WARN_UNUSED_FUNCTION = YES;
				GCC_WARN_UNUSED_VARIABLE = YES;
				IPHONEOS_DEPLOYMENT_TARGET = 16.4;
				MTL_ENABLE_DEBUG_INFO = INCLUDE_SOURCE;
				MTL_FAST_MATH = YES;
				ONLY_ACTIVE_ARCH = YES;
				SDKROOT = iphoneos;
				SWIFT_ACTIVE_COMPILATION_CONDITIONS = DEBUG;
				SWIFT_OPTIMIZATION_LEVEL = "-Onone";
			};
			name = Debug;
		};
		4D1B1BB92A5DF06F008BCF16 /* Release */ = {
			isa = XCBuildConfiguration;
			buildSettings = {
				ALWAYS_SEARCH_USER_PATHS = NO;
				CLANG_ANALYZER_NONNULL = YES;
				CLANG_ANALYZER_NUMBER_OBJECT_CONVERSION = YES_AGGRESSIVE;
				CLANG_CXX_LANGUAGE_STANDARD = "gnu++20";
				CLANG_ENABLE_MODULES = YES;
				CLANG_ENABLE_OBJC_ARC = YES;
				CLANG_ENABLE_OBJC_WEAK = YES;
				CLANG_WARN_BLOCK_CAPTURE_AUTORELEASING = YES;
				CLANG_WARN_BOOL_CONVERSION = YES;
				CLANG_WARN_COMMA = YES;
				CLANG_WARN_CONSTANT_CONVERSION = YES;
				CLANG_WARN_DEPRECATED_OBJC_IMPLEMENTATIONS = YES;
				CLANG_WARN_DIRECT_OBJC_ISA_USAGE = YES_ERROR;
				CLANG_WARN_DOCUMENTATION_COMMENTS = YES;
				CLANG_WARN_EMPTY_BODY = YES;
				CLANG_WARN_ENUM_CONVERSION = YES;
				CLANG_WARN_INFINITE_RECURSION = YES;
				CLANG_WARN_INT_CONVERSION = YES;
				CLANG_WARN_NON_LITERAL_NULL_CONVERSION = YES;
				CLANG_WARN_OBJC_IMPLICIT_RETAIN_SELF = YES;
				CLANG_WARN_OBJC_LITERAL_CONVERSION = YES;
				CLANG_WARN_OBJC_ROOT_CLASS = YES_ERROR;
				CLANG_WARN_QUOTED_INCLUDE_IN_FRAMEWORK_HEADER = YES;
				CLANG_WARN_RANGE_LOOP_ANALYSIS = YES;
				CLANG_WARN_STRICT_PROTOTYPES = YES;
				CLANG_WARN_SUSPICIOUS_MOVE = YES;
				CLANG_WARN_UNGUARDED_AVAILABILITY = YES_AGGRESSIVE;
				CLANG_WARN_UNREACHABLE_CODE = YES;
				CLANG_WARN__DUPLICATE_METHOD_MATCH = YES;
				COPY_PHASE_STRIP = NO;
				DEBUG_INFORMATION_FORMAT = "dwarf-with-dsym";
				ENABLE_NS_ASSERTIONS = NO;
				ENABLE_STRICT_OBJC_MSGSEND = YES;
				GCC_C_LANGUAGE_STANDARD = gnu11;
				GCC_NO_COMMON_BLOCKS = YES;
				GCC_WARN_64_TO_32_BIT_CONVERSION = YES;
				GCC_WARN_ABOUT_RETURN_TYPE = YES_ERROR;
				GCC_WARN_UNDECLARED_SELECTOR = YES;
				GCC_WARN_UNINITIALIZED_AUTOS = YES_AGGRESSIVE;
				GCC_WARN_UNUSED_FUNCTION = YES;
				GCC_WARN_UNUSED_VARIABLE = YES;
				IPHONEOS_DEPLOYMENT_TARGET = 16.4;
				MTL_ENABLE_DEBUG_INFO = NO;
				MTL_FAST_MATH = YES;
				SDKROOT = iphoneos;
				SWIFT_COMPILATION_MODE = wholemodule;
				SWIFT_OPTIMIZATION_LEVEL = "-O";
				VALIDATE_PRODUCT = YES;
			};
			name = Release;
		};
		4D1B1BBB2A5DF06F008BCF16 /* Debug */ = {
			isa = XCBuildConfiguration;
			buildSettings = {
				ASSETCATALOG_COMPILER_APPICON_NAME = AppIcon;
				ASSETCATALOG_COMPILER_GLOBAL_ACCENT_COLOR_NAME = AccentColor;
				CODE_SIGN_STYLE = Automatic;
				CURRENT_PROJECT_VERSION = 1;
				DEVELOPMENT_ASSET_PATHS = "\"MatchedGeometryEffectsFullScreenCover/Preview Content\"";
				DEVELOPMENT_TEAM = DSA696T89C;
				ENABLE_PREVIEWS = YES;
				GENERATE_INFOPLIST_FILE = YES;
				INFOPLIST_KEY_UIApplicationSceneManifest_Generation = YES;
				INFOPLIST_KEY_UIApplicationSupportsIndirectInputEvents = YES;
				INFOPLIST_KEY_UILaunchScreen_Generation = YES;
				INFOPLIST_KEY_UISupportedInterfaceOrientations_iPad = "UIInterfaceOrientationPortrait UIInterfaceOrientationPortraitUpsideDown UIInterfaceOrientationLandscapeLeft UIInterfaceOrientationLandscapeRight";
				INFOPLIST_KEY_UISupportedInterfaceOrientations_iPhone = "UIInterfaceOrientationPortrait UIInterfaceOrientationLandscapeLeft UIInterfaceOrientationLandscapeRight";
				LD_RUNPATH_SEARCH_PATHS = (
					"$(inherited)",
					"@executable_path/Frameworks",
				);
				MARKETING_VERSION = 1.0;
				PRODUCT_BUNDLE_IDENTIFIER = LawlietStudio.MatchedGeometryEffectsFullScreenCover;
				PRODUCT_NAME = "$(TARGET_NAME)";
				SWIFT_EMIT_LOC_STRINGS = YES;
				SWIFT_VERSION = 5.0;
				TARGETED_DEVICE_FAMILY = "1,2";
			};
			name = Debug;
		};
		4D1B1BBC2A5DF06F008BCF16 /* Release */ = {
			isa = XCBuildConfiguration;
			buildSettings = {
				ASSETCATALOG_COMPILER_APPICON_NAME = AppIcon;
				ASSETCATALOG_COMPILER_GLOBAL_ACCENT_COLOR_NAME = AccentColor;
				CODE_SIGN_STYLE = Automatic;
				CURRENT_PROJECT_VERSION = 1;
				DEVELOPMENT_ASSET_PATHS = "\"MatchedGeometryEffectsFullScreenCover/Preview Content\"";
				DEVELOPMENT_TEAM = DSA696T89C;
				ENABLE_PREVIEWS = YES;
				GENERATE_INFOPLIST_FILE = YES;
				INFOPLIST_KEY_UIApplicationSceneManifest_Generation = YES;
				INFOPLIST_KEY_UIApplicationSupportsIndirectInputEvents = YES;
				INFOPLIST_KEY_UILaunchScreen_Generation = YES;
				INFOPLIST_KEY_UISupportedInterfaceOrientations_iPad = "UIInterfaceOrientationPortrait UIInterfaceOrientationPortraitUpsideDown UIInterfaceOrientationLandscapeLeft UIInterfaceOrientationLandscapeRight";
				INFOPLIST_KEY_UISupportedInterfaceOrientations_iPhone = "UIInterfaceOrientationPortrait UIInterfaceOrientationLandscapeLeft UIInterfaceOrientationLandscapeRight";
				LD_RUNPATH_SEARCH_PATHS = (
					"$(inherited)",
					"@executable_path/Frameworks",
				);
				MARKETING_VERSION = 1.0;
				PRODUCT_BUNDLE_IDENTIFIER = LawlietStudio.MatchedGeometryEffectsFullScreenCover;
				PRODUCT_NAME = "$(TARGET_NAME)";
				SWIFT_EMIT_LOC_STRINGS = YES;
				SWIFT_VERSION = 5.0;
				TARGETED_DEVICE_FAMILY = "1,2";
			};
			name = Release;
		};
/* End XCBuildConfiguration section */

/* Begin XCConfigurationList section */
		4D1B1BA72A5DF06D008BCF16 /* Build configuration list for PBXProject "MatchedGeometryEffectsFullScreenCover" */ = {
			isa = XCConfigurationList;
			buildConfigurations = (
				4D1B1BB82A5DF06F008BCF16 /* Debug */,
				4D1B1BB92A5DF06F008BCF16 /* Release */,
			);
			defaultConfigurationIsVisible = 0;
			defaultConfigurationName = Release;
		};
		4D1B1BBA2A5DF06F008BCF16 /* Build configuration list for PBXNativeTarget "MatchedGeometryEffectsFullScreenCover" */ = {
			isa = XCConfigurationList;
			buildConfigurations = (
				4D1B1BBB2A5DF06F008BCF16 /* Debug */,
				4D1B1BBC2A5DF06F008BCF16 /* Release */,
			);
			defaultConfigurationIsVisible = 0;
			defaultConfigurationName = Release;
		};
/* End XCConfigurationList section */
	};
	rootObject = 4D1B1BA42A5DF06D008BCF16 /* Project object */;
}
