// !$*UTF8*$!
{
	archiveVersion = 1;
	classes = {
	};
	objectVersion = 77;
	objects = {

/* Begin PBXBuildFile section */
		4DC729872DA8269C001F7C96 /* _DParallaxEffectApp.swift in Sources */ = {isa = PBXBuildFile; fileRef = 4DC729832DA8269C001F7C96 /* _DParallaxEffectApp.swift */; };
		4DC729882DA8269C001F7C96 /* ContentView.swift in Sources */ = {isa = PBXBuildFile; fileRef = 4DC729852DA8269C001F7C96 /* ContentView.swift */; };
		4DC729892DA8269C001F7C96 /* GabrielaStencil-Bold.ttf in Resources */ = {isa = PBXBuildFile; fileRef = 4DC7297E2DA8269C001F7C96 /* GabrielaStencil-Bold.ttf */; };
		4DC7298A2DA8269C001F7C96 /* GabrielaStencil-Light.ttf in Resources */ = {isa = PBXBuildFile; fileRef = 4DC7297F2DA8269C001F7C96 /* GabrielaStencil-Light.ttf */; };
		4DC7298B2DA8269C001F7C96 /* Preview Assets.xcassets in Resources */ = {isa = PBXBuildFile; fileRef = 4DC729812DA8269C001F7C96 /* Preview Assets.xcassets */; };
		4DC7298C2DA8269C001F7C96 /* Assets.xcassets in Resources */ = {isa = PBXBuildFile; fileRef = 4DC729842DA8269C001F7C96 /* Assets.xcassets */; };
		4DC729902DA82735001F7C96 /* HomeView.swift in Sources */ = {isa = PBXBuildFile; fileRef = 4DC7298F2DA82735001F7C96 /* HomeView.swift */; };
		4DC729942DA835D5001F7C96 /* Place.swift in Sources */ = {isa = PBXBuildFile; fileRef = 4DC729932DA835D5001F7C96 /* Place.swift */; };
		4DC729962DA83ECB001F7C96 /* MotionManager.swift in Sources */ = {isa = PBXBuildFile; fileRef = 4DC729952DA83ECB001F7C96 /* MotionManager.swift */; };
/* End PBXBuildFile section */

/* Begin PBXFileReference section */
		4DC729682DA82408001F7C96 /* 3DParallaxEffect.app */ = {isa = PBXFileReference; explicitFileType = wrapper.application; includeInIndex = 0; path = 3DParallaxEffect.app; sourceTree = BUILT_PRODUCTS_DIR; };
		4DC7297E2DA8269C001F7C96 /* GabrielaStencil-Bold.ttf */ = {isa = PBXFileReference; lastKnownFileType = file; path = "GabrielaStencil-Bold.ttf"; sourceTree = "<group>"; };
		4DC7297F2DA8269C001F7C96 /* GabrielaStencil-Light.ttf */ = {isa = PBXFileReference; lastKnownFileType = file; path = "GabrielaStencil-Light.ttf"; sourceTree = "<group>"; };
		4DC729812DA8269C001F7C96 /* Preview Assets.xcassets */ = {isa = PBXFileReference; lastKnownFileType = folder.assetcatalog; path = "Preview Assets.xcassets"; sourceTree = "<group>"; };
		4DC729832DA8269C001F7C96 /* _DParallaxEffectApp.swift */ = {isa = PBXFileReference; lastKnownFileType = sourcecode.swift; path = _DParallaxEffectApp.swift; sourceTree = "<group>"; };
		4DC729842DA8269C001F7C96 /* Assets.xcassets */ = {isa = PBXFileReference; lastKnownFileType = folder.assetcatalog; path = Assets.xcassets; sourceTree = "<group>"; };
		4DC729852DA8269C001F7C96 /* ContentView.swift */ = {isa = PBXFileReference; lastKnownFileType = sourcecode.swift; path = ContentView.swift; sourceTree = "<group>"; };
		4DC7298F2DA82735001F7C96 /* HomeView.swift */ = {isa = PBXFileReference; lastKnownFileType = sourcecode.swift; path = HomeView.swift; sourceTree = "<group>"; };
		4DC729912DA8315D001F7C96 /* -DParallaxEffect-Info.plist */ = {isa = PBXFileReference; lastKnownFileType = text.plist.xml; path = "-DParallaxEffect-Info.plist"; sourceTree = SOURCE_ROOT; };
		4DC729932DA835D5001F7C96 /* Place.swift */ = {isa = PBXFileReference; lastKnownFileType = sourcecode.swift; path = Place.swift; sourceTree = "<group>"; };
		4DC729952DA83ECB001F7C96 /* MotionManager.swift */ = {isa = PBXFileReference; lastKnownFileType = sourcecode.swift; path = MotionManager.swift; sourceTree = "<group>"; };
/* End PBXFileReference section */

/* Begin PBXFrameworksBuildPhase section */
		4DC729652DA82408001F7C96 /* Frameworks */ = {
			isa = PBXFrameworksBuildPhase;
			buildActionMask = 2147483647;
			files = (
			);
			runOnlyForDeploymentPostprocessing = 0;
		};
/* End PBXFrameworksBuildPhase section */

/* Begin PBXGroup section */
		4DC7295F2DA82408001F7C96 = {
			isa = PBXGroup;
			children = (
				4DC729862DA8269C001F7C96 /* 3DParallaxEffect */,
				4DC729692DA82408001F7C96 /* Products */,
			);
			sourceTree = "<group>";
		};
		4DC729692DA82408001F7C96 /* Products */ = {
			isa = PBXGroup;
			children = (
				4DC729682DA82408001F7C96 /* 3DParallaxEffect.app */,
			);
			name = Products;
			sourceTree = "<group>";
		};
		4DC729802DA8269C001F7C96 /* Fonts */ = {
			isa = PBXGroup;
			children = (
				4DC7297E2DA8269C001F7C96 /* GabrielaStencil-Bold.ttf */,
				4DC7297F2DA8269C001F7C96 /* GabrielaStencil-Light.ttf */,
			);
			path = Fonts;
			sourceTree = "<group>";
		};
		4DC729822DA8269C001F7C96 /* Preview Content */ = {
			isa = PBXGroup;
			children = (
				4DC729812DA8269C001F7C96 /* Preview Assets.xcassets */,
			);
			path = "Preview Content";
			sourceTree = "<group>";
		};
		4DC729862DA8269C001F7C96 /* 3DParallaxEffect */ = {
			isa = PBXGroup;
			children = (
				4DC729912DA8315D001F7C96 /* -DParallaxEffect-Info.plist */,
				4DC729922DA8359A001F7C96 /* Models */,
				4DC7298E2DA8271E001F7C96 /* ViewModels */,
				4DC7298D2DA8269F001F7C96 /* Views */,
				4DC729802DA8269C001F7C96 /* Fonts */,
				4DC729822DA8269C001F7C96 /* Preview Content */,
				4DC729832DA8269C001F7C96 /* _DParallaxEffectApp.swift */,
				4DC729842DA8269C001F7C96 /* Assets.xcassets */,
				4DC729852DA8269C001F7C96 /* ContentView.swift */,
			);
			path = 3DParallaxEffect;
			sourceTree = "<group>";
		};
		4DC7298D2DA8269F001F7C96 /* Views */ = {
			isa = PBXGroup;
			children = (
				4DC7298F2DA82735001F7C96 /* HomeView.swift */,
			);
			path = Views;
			sourceTree = "<group>";
		};
		4DC7298E2DA8271E001F7C96 /* ViewModels */ = {
			isa = PBXGroup;
			children = (
				4DC729952DA83ECB001F7C96 /* MotionManager.swift */,
			);
			path = ViewModels;
			sourceTree = "<group>";
		};
		4DC729922DA8359A001F7C96 /* Models */ = {
			isa = PBXGroup;
			children = (
				4DC729932DA835D5001F7C96 /* Place.swift */,
			);
			path = Models;
			sourceTree = "<group>";
		};
/* End PBXGroup section */

/* Begin PBXNativeTarget section */
		4DC729672DA82408001F7C96 /* 3DParallaxEffect */ = {
			isa = PBXNativeTarget;
			buildConfigurationList = 4DC729762DA8240A001F7C96 /* Build configuration list for PBXNativeTarget "3DParallaxEffect" */;
			buildPhases = (
				4DC729642DA82408001F7C96 /* Sources */,
				4DC729652DA82408001F7C96 /* Frameworks */,
				4DC729662DA82408001F7C96 /* Resources */,
			);
			buildRules = (
			);
			dependencies = (
			);
			name = 3DParallaxEffect;
			packageProductDependencies = (
			);
			productName = 3DParallaxEffect;
			productReference = 4DC729682DA82408001F7C96 /* 3DParallaxEffect.app */;
			productType = "com.apple.product-type.application";
		};
/* End PBXNativeTarget section */

/* Begin PBXProject section */
		4DC729602DA82408001F7C96 /* Project object */ = {
			isa = PBXProject;
			attributes = {
				BuildIndependentTargetsInParallel = 1;
				LastSwiftUpdateCheck = 1610;
				LastUpgradeCheck = 1610;
				TargetAttributes = {
					4DC729672DA82408001F7C96 = {
						CreatedOnToolsVersion = 16.1;
					};
				};
			};
			buildConfigurationList = 4DC729632DA82408001F7C96 /* Build configuration list for PBXProject "3DParallaxEffect" */;
			developmentRegion = en;
			hasScannedForEncodings = 0;
			knownRegions = (
				en,
				Base,
			);
			mainGroup = 4DC7295F2DA82408001F7C96;
			minimizedProjectReferenceProxies = 1;
			preferredProjectObjectVersion = 77;
			productRefGroup = 4DC729692DA82408001F7C96 /* Products */;
			projectDirPath = "";
			projectRoot = "";
			targets = (
				4DC729672DA82408001F7C96 /* 3DParallaxEffect */,
			);
		};
/* End PBXProject section */

/* Begin PBXResourcesBuildPhase section */
		4DC729662DA82408001F7C96 /* Resources */ = {
			isa = PBXResourcesBuildPhase;
			buildActionMask = 2147483647;
			files = (
				4DC729892DA8269C001F7C96 /* GabrielaStencil-Bold.ttf in Resources */,
				4DC7298A2DA8269C001F7C96 /* GabrielaStencil-Light.ttf in Resources */,
				4DC7298B2DA8269C001F7C96 /* Preview Assets.xcassets in Resources */,
				4DC7298C2DA8269C001F7C96 /* Assets.xcassets in Resources */,
			);
			runOnlyForDeploymentPostprocessing = 0;
		};
/* End PBXResourcesBuildPhase section */

/* Begin PBXSourcesBuildPhase section */
		4DC729642DA82408001F7C96 /* Sources */ = {
			isa = PBXSourcesBuildPhase;
			buildActionMask = 2147483647;
			files = (
				4DC729902DA82735001F7C96 /* HomeView.swift in Sources */,
				4DC729962DA83ECB001F7C96 /* MotionManager.swift in Sources */,
				4DC729872DA8269C001F7C96 /* _DParallaxEffectApp.swift in Sources */,
				4DC729882DA8269C001F7C96 /* ContentView.swift in Sources */,
				4DC729942DA835D5001F7C96 /* Place.swift in Sources */,
			);
			runOnlyForDeploymentPostprocessing = 0;
		};
/* End PBXSourcesBuildPhase section */

/* Begin XCBuildConfiguration section */
		4DC729742DA8240A001F7C96 /* Debug */ = {
			isa = XCBuildConfiguration;
			buildSettings = {
				ALWAYS_SEARCH_USER_PATHS = NO;
				ASSETCATALOG_COMPILER_GENERATE_SWIFT_ASSET_SYMBOL_EXTENSIONS = YES;
				CLANG_ANALYZER_NONNULL = YES;
				CLANG_ANALYZER_NUMBER_OBJECT_CONVERSION = YES_AGGRESSIVE;
				CLANG_CXX_LANGUAGE_STANDARD = "gnu++20";
				CLANG_ENABLE_MODULES = YES;
				CLANG_ENABLE_OBJC_ARC = YES;
				CLANG_ENABLE_OBJC_WEAK = YES;
				CLANG_WARN_BLOCK_CAPTURE_AUTORELEASING = YES;
				CLANG_WARN_BOOL_CONVERSION = YES;
				CLANG_WARN_COMMA = YES;
				CLANG_WARN_CONSTANT_CONVERSION = YES;
				CLANG_WARN_DEPRECATED_OBJC_IMPLEMENTATIONS = YES;
				CLANG_WARN_DIRECT_OBJC_ISA_USAGE = YES_ERROR;
				CLANG_WARN_DOCUMENTATION_COMMENTS = YES;
				CLANG_WARN_EMPTY_BODY = YES;
				CLANG_WARN_ENUM_CONVERSION = YES;
				CLANG_WARN_INFINITE_RECURSION = YES;
				CLANG_WARN_INT_CONVERSION = YES;
				CLANG_WARN_NON_LITERAL_NULL_CONVERSION = YES;
				CLANG_WARN_OBJC_IMPLICIT_RETAIN_SELF = YES;
				CLANG_WARN_OBJC_LITERAL_CONVERSION = YES;
				CLANG_WARN_OBJC_ROOT_CLASS = YES_ERROR;
				CLANG_WARN_QUOTED_INCLUDE_IN_FRAMEWORK_HEADER = YES;
				CLANG_WARN_RANGE_LOOP_ANALYSIS = YES;
				CLANG_WARN_STRICT_PROTOTYPES = YES;
				CLANG_WARN_SUSPICIOUS_MOVE = YES;
				CLANG_WARN_UNGUARDED_AVAILABILITY = YES_AGGRESSIVE;
				CLANG_WARN_UNREACHABLE_CODE = YES;
				CLANG_WARN__DUPLICATE_METHOD_MATCH = YES;
				COPY_PHASE_STRIP = NO;
				DEBUG_INFORMATION_FORMAT = dwarf;
				ENABLE_STRICT_OBJC_MSGSEND = YES;
				ENABLE_TESTABILITY = YES;
				ENABLE_USER_SCRIPT_SANDBOXING = YES;
				GCC_C_LANGUAGE_STANDARD = gnu17;
				GCC_DYNAMIC_NO_PIC = NO;
				GCC_NO_COMMON_BLOCKS = YES;
				GCC_OPTIMIZATION_LEVEL = 0;
				GCC_PREPROCESSOR_DEFINITIONS = (
					"DEBUG=1",
					"$(inherited)",
				);
				GCC_WARN_64_TO_32_BIT_CONVERSION = YES;
				GCC_WARN_ABOUT_RETURN_TYPE = YES_ERROR;
				GCC_WARN_UNDECLARED_SELECTOR = YES;
				GCC_WARN_UNINITIALIZED_AUTOS = YES_AGGRESSIVE;
				GCC_WARN_UNUSED_FUNCTION = YES;
				GCC_WARN_UNUSED_VARIABLE = YES;
				IPHONEOS_DEPLOYMENT_TARGET = 18.1;
				LOCALIZATION_PREFERS_STRING_CATALOGS = YES;
				MTL_ENABLE_DEBUG_INFO = INCLUDE_SOURCE;
				MTL_FAST_MATH = YES;
				ONLY_ACTIVE_ARCH = YES;
				SDKROOT = iphoneos;
				SWIFT_ACTIVE_COMPILATION_CONDITIONS = "DEBUG $(inherited)";
				SWIFT_OPTIMIZATION_LEVEL = "-Onone";
			};
			name = Debug;
		};
		4DC729752DA8240A001F7C96 /* Release */ = {
			isa = XCBuildConfiguration;
			buildSettings = {
				ALWAYS_SEARCH_USER_PATHS = NO;
				ASSETCATALOG_COMPILER_GENERATE_SWIFT_ASSET_SYMBOL_EXTENSIONS = YES;
				CLANG_ANALYZER_NONNULL = YES;
				CLANG_ANALYZER_NUMBER_OBJECT_CONVERSION = YES_AGGRESSIVE;
				CLANG_CXX_LANGUAGE_STANDARD = "gnu++20";
				CLANG_ENABLE_MODULES = YES;
				CLANG_ENABLE_OBJC_ARC = YES;
				CLANG_ENABLE_OBJC_WEAK = YES;
				CLANG_WARN_BLOCK_CAPTURE_AUTORELEASING = YES;
				CLANG_WARN_BOOL_CONVERSION = YES;
				CLANG_WARN_COMMA = YES;
				CLANG_WARN_CONSTANT_CONVERSION = YES;
				CLANG_WARN_DEPRECATED_OBJC_IMPLEMENTATIONS = YES;
				CLANG_WARN_DIRECT_OBJC_ISA_USAGE = YES_ERROR;
				CLANG_WARN_DOCUMENTATION_COMMENTS = YES;
				CLANG_WARN_EMPTY_BODY = YES;
				CLANG_WARN_ENUM_CONVERSION = YES;
				CLANG_WARN_INFINITE_RECURSION = YES;
				CLANG_WARN_INT_CONVERSION = YES;
				CLANG_WARN_NON_LITERAL_NULL_CONVERSION = YES;
				CLANG_WARN_OBJC_IMPLICIT_RETAIN_SELF = YES;
				CLANG_WARN_OBJC_LITERAL_CONVERSION = YES;
				CLANG_WARN_OBJC_ROOT_CLASS = YES_ERROR;
				CLANG_WARN_QUOTED_INCLUDE_IN_FRAMEWORK_HEADER = YES;
				CLANG_WARN_RANGE_LOOP_ANALYSIS = YES;
				CLANG_WARN_STRICT_PROTOTYPES = YES;
				CLANG_WARN_SUSPICIOUS_MOVE = YES;
				CLANG_WARN_UNGUARDED_AVAILABILITY = YES_AGGRESSIVE;
				CLANG_WARN_UNREACHABLE_CODE = YES;
				CLANG_WARN__DUPLICATE_METHOD_MATCH = YES;
				COPY_PHASE_STRIP = NO;
				DEBUG_INFORMATION_FORMAT = "dwarf-with-dsym";
				ENABLE_NS_ASSERTIONS = NO;
				ENABLE_STRICT_OBJC_MSGSEND = YES;
				ENABLE_USER_SCRIPT_SANDBOXING = YES;
				GCC_C_LANGUAGE_STANDARD = gnu17;
				GCC_NO_COMMON_BLOCKS = YES;
				GCC_WARN_64_TO_32_BIT_CONVERSION = YES;
				GCC_WARN_ABOUT_RETURN_TYPE = YES_ERROR;
				GCC_WARN_UNDECLARED_SELECTOR = YES;
				GCC_WARN_UNINITIALIZED_AUTOS = YES_AGGRESSIVE;
				GCC_WARN_UNUSED_FUNCTION = YES;
				GCC_WARN_UNUSED_VARIABLE = YES;
				IPHONEOS_DEPLOYMENT_TARGET = 18.1;
				LOCALIZATION_PREFERS_STRING_CATALOGS = YES;
				MTL_ENABLE_DEBUG_INFO = NO;
				MTL_FAST_MATH = YES;
				SDKROOT = iphoneos;
				SWIFT_COMPILATION_MODE = wholemodule;
				VALIDATE_PRODUCT = YES;
			};
			name = Release;
		};
		4DC729772DA8240A001F7C96 /* Debug */ = {
			isa = XCBuildConfiguration;
			buildSettings = {
				ASSETCATALOG_COMPILER_APPICON_NAME = AppIcon;
				ASSETCATALOG_COMPILER_GLOBAL_ACCENT_COLOR_NAME = AccentColor;
				CODE_SIGN_STYLE = Automatic;
				CURRENT_PROJECT_VERSION = 1;
				DEVELOPMENT_ASSET_PATHS = "\"3DParallaxEffect/Preview Content\"";
				DEVELOPMENT_TEAM = 44Y5KSFRJB;
				ENABLE_PREVIEWS = YES;
				GENERATE_INFOPLIST_FILE = YES;
				INFOPLIST_FILE = "-DParallaxEffect-Info.plist";
				INFOPLIST_KEY_UIApplicationSceneManifest_Generation = YES;
				INFOPLIST_KEY_UIApplicationSupportsIndirectInputEvents = YES;
				INFOPLIST_KEY_UILaunchScreen_Generation = YES;
				INFOPLIST_KEY_UISupportedInterfaceOrientations_iPad = "UIInterfaceOrientationPortrait UIInterfaceOrientationPortraitUpsideDown UIInterfaceOrientationLandscapeLeft UIInterfaceOrientationLandscapeRight";
				INFOPLIST_KEY_UISupportedInterfaceOrientations_iPhone = "UIInterfaceOrientationPortrait UIInterfaceOrientationLandscapeLeft UIInterfaceOrientationLandscapeRight";
				LD_RUNPATH_SEARCH_PATHS = (
					"$(inherited)",
					"@executable_path/Frameworks",
				);
				MARKETING_VERSION = 1.0;
				PRODUCT_BUNDLE_IDENTIFIER = "LawlietStudio.-DParallaxEffect";
				PRODUCT_NAME = "$(TARGET_NAME)";
				SWIFT_EMIT_LOC_STRINGS = YES;
				SWIFT_VERSION = 5.0;
				TARGETED_DEVICE_FAMILY = "1,2";
			};
			name = Debug;
		};
		4DC729782DA8240A001F7C96 /* Release */ = {
			isa = XCBuildConfiguration;
			buildSettings = {
				ASSETCATALOG_COMPILER_APPICON_NAME = AppIcon;
				ASSETCATALOG_COMPILER_GLOBAL_ACCENT_COLOR_NAME = AccentColor;
				CODE_SIGN_STYLE = Automatic;
				CURRENT_PROJECT_VERSION = 1;
				DEVELOPMENT_ASSET_PATHS = "\"3DParallaxEffect/Preview Content\"";
				DEVELOPMENT_TEAM = 44Y5KSFRJB;
				ENABLE_PREVIEWS = YES;
				GENERATE_INFOPLIST_FILE = YES;
				INFOPLIST_FILE = "-DParallaxEffect-Info.plist";
				INFOPLIST_KEY_UIApplicationSceneManifest_Generation = YES;
				INFOPLIST_KEY_UIApplicationSupportsIndirectInputEvents = YES;
				INFOPLIST_KEY_UILaunchScreen_Generation = YES;
				INFOPLIST_KEY_UISupportedInterfaceOrientations_iPad = "UIInterfaceOrientationPortrait UIInterfaceOrientationPortraitUpsideDown UIInterfaceOrientationLandscapeLeft UIInterfaceOrientationLandscapeRight";
				INFOPLIST_KEY_UISupportedInterfaceOrientations_iPhone = "UIInterfaceOrientationPortrait UIInterfaceOrientationLandscapeLeft UIInterfaceOrientationLandscapeRight";
				LD_RUNPATH_SEARCH_PATHS = (
					"$(inherited)",
					"@executable_path/Frameworks",
				);
				MARKETING_VERSION = 1.0;
				PRODUCT_BUNDLE_IDENTIFIER = "LawlietStudio.-DParallaxEffect";
				PRODUCT_NAME = "$(TARGET_NAME)";
				SWIFT_EMIT_LOC_STRINGS = YES;
				SWIFT_VERSION = 5.0;
				TARGETED_DEVICE_FAMILY = "1,2";
			};
			name = Release;
		};
/* End XCBuildConfiguration section */

/* Begin XCConfigurationList section */
		4DC729632DA82408001F7C96 /* Build configuration list for PBXProject "3DParallaxEffect" */ = {
			isa = XCConfigurationList;
			buildConfigurations = (
				4DC729742DA8240A001F7C96 /* Debug */,
				4DC729752DA8240A001F7C96 /* Release */,
			);
			defaultConfigurationIsVisible = 0;
			defaultConfigurationName = Release;
		};
		4DC729762DA8240A001F7C96 /* Build configuration list for PBXNativeTarget "3DParallaxEffect" */ = {
			isa = XCConfigurationList;
			buildConfigurations = (
				4DC729772DA8240A001F7C96 /* Debug */,
				4DC729782DA8240A001F7C96 /* Release */,
			);
			defaultConfigurationIsVisible = 0;
			defaultConfigurationName = Release;
		};
/* End XCConfigurationList section */
	};
	rootObject = 4DC729602DA82408001F7C96 /* Project object */;
}
