// !$*UTF8*$!
{
	archiveVersion = 1;
	classes = {
	};
	objectVersion = 56;
	objects = {

/* Begin PBXBuildFile section */
		4DDAACC92908722E00B4D1C9 /* AppDelegate.swift in Sources */ = {isa = PBXBuildFile; fileRef = 4DDAACC82908722E00B4D1C9 /* AppDelegate.swift */; };
		4DDAACCB2908722E00B4D1C9 /* SceneDelegate.swift in Sources */ = {isa = PBXBuildFile; fileRef = 4DDAACCA2908722E00B4D1C9 /* SceneDelegate.swift */; };
		4DDAACCD2908722E00B4D1C9 /* ViewController.swift in Sources */ = {isa = PBXBuildFile; fileRef = 4DDAACCC2908722E00B4D1C9 /* ViewController.swift */; };
		4DDAACD02908722E00B4D1C9 /* Main.storyboard in Resources */ = {isa = PBXBuildFile; fileRef = 4DDAACCE2908722E00B4D1C9 /* Main.storyboard */; };
		4DDAACD32908722E00B4D1C9 /* CoreDataTest.xcdatamodeld in Sources */ = {isa = PBXBuildFile; fileRef = 4DDAACD12908722E00B4D1C9 /* CoreDataTest.xcdatamodeld */; };
		4DDAACD52908722F00B4D1C9 /* Assets.xcassets in Resources */ = {isa = PBXBuildFile; fileRef = 4DDAACD42908722F00B4D1C9 /* Assets.xcassets */; };
		4DDAACD82908722F00B4D1C9 /* LaunchScreen.storyboard in Resources */ = {isa = PBXBuildFile; fileRef = 4DDAACD62908722F00B4D1C9 /* LaunchScreen.storyboard */; };
		4DDAACE32908722F00B4D1C9 /* CoreDataTestTests.swift in Sources */ = {isa = PBXBuildFile; fileRef = 4DDAACE22908722F00B4D1C9 /* CoreDataTestTests.swift */; };
		4DDAACED2908722F00B4D1C9 /* CoreDataTestUITests.swift in Sources */ = {isa = PBXBuildFile; fileRef = 4DDAACEC2908722F00B4D1C9 /* CoreDataTestUITests.swift */; };
		4DDAACEF2908722F00B4D1C9 /* CoreDataTestUITestsLaunchTests.swift in Sources */ = {isa = PBXBuildFile; fileRef = 4DDAACEE2908722F00B4D1C9 /* CoreDataTestUITestsLaunchTests.swift */; };
/* End PBXBuildFile section */

/* Begin PBXContainerItemProxy section */
		4DDAACDF2908722F00B4D1C9 /* PBXContainerItemProxy */ = {
			isa = PBXContainerItemProxy;
			containerPortal = 4DDAACBD2908722E00B4D1C9 /* Project object */;
			proxyType = 1;
			remoteGlobalIDString = 4DDAACC42908722E00B4D1C9;
			remoteInfo = CoreDataTest;
		};
		4DDAACE92908722F00B4D1C9 /* PBXContainerItemProxy */ = {
			isa = PBXContainerItemProxy;
			containerPortal = 4DDAACBD2908722E00B4D1C9 /* Project object */;
			proxyType = 1;
			remoteGlobalIDString = 4DDAACC42908722E00B4D1C9;
			remoteInfo = CoreDataTest;
		};
/* End PBXContainerItemProxy section */

/* Begin PBXFileReference section */
		4DDAACC52908722E00B4D1C9 /* CoreDataTest.app */ = {isa = PBXFileReference; explicitFileType = wrapper.application; includeInIndex = 0; path = CoreDataTest.app; sourceTree = BUILT_PRODUCTS_DIR; };
		4DDAACC82908722E00B4D1C9 /* AppDelegate.swift */ = {isa = PBXFileReference; lastKnownFileType = sourcecode.swift; path = AppDelegate.swift; sourceTree = "<group>"; };
		4DDAACCA2908722E00B4D1C9 /* SceneDelegate.swift */ = {isa = PBXFileReference; lastKnownFileType = sourcecode.swift; path = SceneDelegate.swift; sourceTree = "<group>"; };
		4DDAACCC2908722E00B4D1C9 /* ViewController.swift */ = {isa = PBXFileReference; lastKnownFileType = sourcecode.swift; path = ViewController.swift; sourceTree = "<group>"; };
		4DDAACCF2908722E00B4D1C9 /* Base */ = {isa = PBXFileReference; lastKnownFileType = file.storyboard; name = Base; path = Base.lproj/Main.storyboard; sourceTree = "<group>"; };
		4DDAACD22908722E00B4D1C9 /* CoreDataTest.xcdatamodel */ = {isa = PBXFileReference; lastKnownFileType = wrapper.xcdatamodel; path = CoreDataTest.xcdatamodel; sourceTree = "<group>"; };
		4DDAACD42908722F00B4D1C9 /* Assets.xcassets */ = {isa = PBXFileReference; lastKnownFileType = folder.assetcatalog; path = Assets.xcassets; sourceTree = "<group>"; };
		4DDAACD72908722F00B4D1C9 /* Base */ = {isa = PBXFileReference; lastKnownFileType = file.storyboard; name = Base; path = Base.lproj/LaunchScreen.storyboard; sourceTree = "<group>"; };
		4DDAACD92908722F00B4D1C9 /* Info.plist */ = {isa = PBXFileReference; lastKnownFileType = text.plist.xml; path = Info.plist; sourceTree = "<group>"; };
		4DDAACDE2908722F00B4D1C9 /* CoreDataTestTests.xctest */ = {isa = PBXFileReference; explicitFileType = wrapper.cfbundle; includeInIndex = 0; path = CoreDataTestTests.xctest; sourceTree = BUILT_PRODUCTS_DIR; };
		4DDAACE22908722F00B4D1C9 /* CoreDataTestTests.swift */ = {isa = PBXFileReference; lastKnownFileType = sourcecode.swift; path = CoreDataTestTests.swift; sourceTree = "<group>"; };
		4DDAACE82908722F00B4D1C9 /* CoreDataTestUITests.xctest */ = {isa = PBXFileReference; explicitFileType = wrapper.cfbundle; includeInIndex = 0; path = CoreDataTestUITests.xctest; sourceTree = BUILT_PRODUCTS_DIR; };
		4DDAACEC2908722F00B4D1C9 /* CoreDataTestUITests.swift */ = {isa = PBXFileReference; lastKnownFileType = sourcecode.swift; path = CoreDataTestUITests.swift; sourceTree = "<group>"; };
		4DDAACEE2908722F00B4D1C9 /* CoreDataTestUITestsLaunchTests.swift */ = {isa = PBXFileReference; lastKnownFileType = sourcecode.swift; path = CoreDataTestUITestsLaunchTests.swift; sourceTree = "<group>"; };
/* End PBXFileReference section */

/* Begin PBXFrameworksBuildPhase section */
		4DDAACC22908722E00B4D1C9 /* Frameworks */ = {
			isa = PBXFrameworksBuildPhase;
			buildActionMask = 2147483647;
			files = (
			);
			runOnlyForDeploymentPostprocessing = 0;
		};
		4DDAACDB2908722F00B4D1C9 /* Frameworks */ = {
			isa = PBXFrameworksBuildPhase;
			buildActionMask = 2147483647;
			files = (
			);
			runOnlyForDeploymentPostprocessing = 0;
		};
		4DDAACE52908722F00B4D1C9 /* Frameworks */ = {
			isa = PBXFrameworksBuildPhase;
			buildActionMask = 2147483647;
			files = (
			);
			runOnlyForDeploymentPostprocessing = 0;
		};
/* End PBXFrameworksBuildPhase section */

/* Begin PBXGroup section */
		4DDAACBC2908722E00B4D1C9 = {
			isa = PBXGroup;
			children = (
				4DDAACC72908722E00B4D1C9 /* CoreDataTest */,
				4DDAACE12908722F00B4D1C9 /* CoreDataTestTests */,
				4DDAACEB2908722F00B4D1C9 /* CoreDataTestUITests */,
				4DDAACC62908722E00B4D1C9 /* Products */,
			);
			sourceTree = "<group>";
		};
		4DDAACC62908722E00B4D1C9 /* Products */ = {
			isa = PBXGroup;
			children = (
				4DDAACC52908722E00B4D1C9 /* CoreDataTest.app */,
				4DDAACDE2908722F00B4D1C9 /* CoreDataTestTests.xctest */,
				4DDAACE82908722F00B4D1C9 /* CoreDataTestUITests.xctest */,
			);
			name = Products;
			sourceTree = "<group>";
		};
		4DDAACC72908722E00B4D1C9 /* CoreDataTest */ = {
			isa = PBXGroup;
			children = (
				4DDAACC82908722E00B4D1C9 /* AppDelegate.swift */,
				4DDAACCA2908722E00B4D1C9 /* SceneDelegate.swift */,
				4DDAACCC2908722E00B4D1C9 /* ViewController.swift */,
				4DDAACCE2908722E00B4D1C9 /* Main.storyboard */,
				4DDAACD42908722F00B4D1C9 /* Assets.xcassets */,
				4DDAACD62908722F00B4D1C9 /* LaunchScreen.storyboard */,
				4DDAACD92908722F00B4D1C9 /* Info.plist */,
				4DDAACD12908722E00B4D1C9 /* CoreDataTest.xcdatamodeld */,
			);
			path = CoreDataTest;
			sourceTree = "<group>";
		};
		4DDAACE12908722F00B4D1C9 /* CoreDataTestTests */ = {
			isa = PBXGroup;
			children = (
				4DDAACE22908722F00B4D1C9 /* CoreDataTestTests.swift */,
			);
			path = CoreDataTestTests;
			sourceTree = "<group>";
		};
		4DDAACEB2908722F00B4D1C9 /* CoreDataTestUITests */ = {
			isa = PBXGroup;
			children = (
				4DDAACEC2908722F00B4D1C9 /* CoreDataTestUITests.swift */,
				4DDAACEE2908722F00B4D1C9 /* CoreDataTestUITestsLaunchTests.swift */,
			);
			path = CoreDataTestUITests;
			sourceTree = "<group>";
		};
/* End PBXGroup section */

/* Begin PBXNativeTarget section */
		4DDAACC42908722E00B4D1C9 /* CoreDataTest */ = {
			isa = PBXNativeTarget;
			buildConfigurationList = 4DDAACF22908722F00B4D1C9 /* Build configuration list for PBXNativeTarget "CoreDataTest" */;
			buildPhases = (
				4DDAACC12908722E00B4D1C9 /* Sources */,
				4DDAACC22908722E00B4D1C9 /* Frameworks */,
				4DDAACC32908722E00B4D1C9 /* Resources */,
			);
			buildRules = (
			);
			dependencies = (
			);
			name = CoreDataTest;
			productName = CoreDataTest;
			productReference = 4DDAACC52908722E00B4D1C9 /* CoreDataTest.app */;
			productType = "com.apple.product-type.application";
		};
		4DDAACDD2908722F00B4D1C9 /* CoreDataTestTests */ = {
			isa = PBXNativeTarget;
			buildConfigurationList = 4DDAACF52908722F00B4D1C9 /* Build configuration list for PBXNativeTarget "CoreDataTestTests" */;
			buildPhases = (
				4DDAACDA2908722F00B4D1C9 /* Sources */,
				4DDAACDB2908722F00B4D1C9 /* Frameworks */,
				4DDAACDC2908722F00B4D1C9 /* Resources */,
			);
			buildRules = (
			);
			dependencies = (
				4DDAACE02908722F00B4D1C9 /* PBXTargetDependency */,
			);
			name = CoreDataTestTests;
			productName = CoreDataTestTests;
			productReference = 4DDAACDE2908722F00B4D1C9 /* CoreDataTestTests.xctest */;
			productType = "com.apple.product-type.bundle.unit-test";
		};
		4DDAACE72908722F00B4D1C9 /* CoreDataTestUITests */ = {
			isa = PBXNativeTarget;
			buildConfigurationList = 4DDAACF82908722F00B4D1C9 /* Build configuration list for PBXNativeTarget "CoreDataTestUITests" */;
			buildPhases = (
				4DDAACE42908722F00B4D1C9 /* Sources */,
				4DDAACE52908722F00B4D1C9 /* Frameworks */,
				4DDAACE62908722F00B4D1C9 /* Resources */,
			);
			buildRules = (
			);
			dependencies = (
				4DDAACEA2908722F00B4D1C9 /* PBXTargetDependency */,
			);
			name = CoreDataTestUITests;
			productName = CoreDataTestUITests;
			productReference = 4DDAACE82908722F00B4D1C9 /* CoreDataTestUITests.xctest */;
			productType = "com.apple.product-type.bundle.ui-testing";
		};
/* End PBXNativeTarget section */

/* Begin PBXProject section */
		4DDAACBD2908722E00B4D1C9 /* Project object */ = {
			isa = PBXProject;
			attributes = {
				BuildIndependentTargetsInParallel = 1;
				LastSwiftUpdateCheck = 1400;
				LastUpgradeCheck = 1400;
				TargetAttributes = {
					4DDAACC42908722E00B4D1C9 = {
						CreatedOnToolsVersion = 14.0.1;
					};
					4DDAACDD2908722F00B4D1C9 = {
						CreatedOnToolsVersion = 14.0.1;
						TestTargetID = 4DDAACC42908722E00B4D1C9;
					};
					4DDAACE72908722F00B4D1C9 = {
						CreatedOnToolsVersion = 14.0.1;
						TestTargetID = 4DDAACC42908722E00B4D1C9;
					};
				};
			};
			buildConfigurationList = 4DDAACC02908722E00B4D1C9 /* Build configuration list for PBXProject "CoreDataTest" */;
			compatibilityVersion = "Xcode 14.0";
			developmentRegion = en;
			hasScannedForEncodings = 0;
			knownRegions = (
				en,
				Base,
			);
			mainGroup = 4DDAACBC2908722E00B4D1C9;
			productRefGroup = 4DDAACC62908722E00B4D1C9 /* Products */;
			projectDirPath = "";
			projectRoot = "";
			targets = (
				4DDAACC42908722E00B4D1C9 /* CoreDataTest */,
				4DDAACDD2908722F00B4D1C9 /* CoreDataTestTests */,
				4DDAACE72908722F00B4D1C9 /* CoreDataTestUITests */,
			);
		};
/* End PBXProject section */

/* Begin PBXResourcesBuildPhase section */
		4DDAACC32908722E00B4D1C9 /* Resources */ = {
			isa = PBXResourcesBuildPhase;
			buildActionMask = 2147483647;
			files = (
				4DDAACD82908722F00B4D1C9 /* LaunchScreen.storyboard in Resources */,
				4DDAACD52908722F00B4D1C9 /* Assets.xcassets in Resources */,
				4DDAACD02908722E00B4D1C9 /* Main.storyboard in Resources */,
			);
			runOnlyForDeploymentPostprocessing = 0;
		};
		4DDAACDC2908722F00B4D1C9 /* Resources */ = {
			isa = PBXResourcesBuildPhase;
			buildActionMask = 2147483647;
			files = (
			);
			runOnlyForDeploymentPostprocessing = 0;
		};
		4DDAACE62908722F00B4D1C9 /* Resources */ = {
			isa = PBXResourcesBuildPhase;
			buildActionMask = 2147483647;
			files = (
			);
			runOnlyForDeploymentPostprocessing = 0;
		};
/* End PBXResourcesBuildPhase section */

/* Begin PBXSourcesBuildPhase section */
		4DDAACC12908722E00B4D1C9 /* Sources */ = {
			isa = PBXSourcesBuildPhase;
			buildActionMask = 2147483647;
			files = (
				4DDAACD32908722E00B4D1C9 /* CoreDataTest.xcdatamodeld in Sources */,
				4DDAACCD2908722E00B4D1C9 /* ViewController.swift in Sources */,
				4DDAACC92908722E00B4D1C9 /* AppDelegate.swift in Sources */,
				4DDAACCB2908722E00B4D1C9 /* SceneDelegate.swift in Sources */,
			);
			runOnlyForDeploymentPostprocessing = 0;
		};
		4DDAACDA2908722F00B4D1C9 /* Sources */ = {
			isa = PBXSourcesBuildPhase;
			buildActionMask = 2147483647;
			files = (
				4DDAACE32908722F00B4D1C9 /* CoreDataTestTests.swift in Sources */,
			);
			runOnlyForDeploymentPostprocessing = 0;
		};
		4DDAACE42908722F00B4D1C9 /* Sources */ = {
			isa = PBXSourcesBuildPhase;
			buildActionMask = 2147483647;
			files = (
				4DDAACED2908722F00B4D1C9 /* CoreDataTestUITests.swift in Sources */,
				4DDAACEF2908722F00B4D1C9 /* CoreDataTestUITestsLaunchTests.swift in Sources */,
			);
			runOnlyForDeploymentPostprocessing = 0;
		};
/* End PBXSourcesBuildPhase section */

/* Begin PBXTargetDependency section */
		4DDAACE02908722F00B4D1C9 /* PBXTargetDependency */ = {
			isa = PBXTargetDependency;
			target = 4DDAACC42908722E00B4D1C9 /* CoreDataTest */;
			targetProxy = 4DDAACDF2908722F00B4D1C9 /* PBXContainerItemProxy */;
		};
		4DDAACEA2908722F00B4D1C9 /* PBXTargetDependency */ = {
			isa = PBXTargetDependency;
			target = 4DDAACC42908722E00B4D1C9 /* CoreDataTest */;
			targetProxy = 4DDAACE92908722F00B4D1C9 /* PBXContainerItemProxy */;
		};
/* End PBXTargetDependency section */

/* Begin PBXVariantGroup section */
		4DDAACCE2908722E00B4D1C9 /* Main.storyboard */ = {
			isa = PBXVariantGroup;
			children = (
				4DDAACCF2908722E00B4D1C9 /* Base */,
			);
			name = Main.storyboard;
			sourceTree = "<group>";
		};
		4DDAACD62908722F00B4D1C9 /* LaunchScreen.storyboard */ = {
			isa = PBXVariantGroup;
			children = (
				4DDAACD72908722F00B4D1C9 /* Base */,
			);
			name = LaunchScreen.storyboard;
			sourceTree = "<group>";
		};
/* End PBXVariantGroup section */

/* Begin XCBuildConfiguration section */
		4DDAACF02908722F00B4D1C9 /* Debug */ = {
			isa = XCBuildConfiguration;
			buildSettings = {
				ALWAYS_SEARCH_USER_PATHS = NO;
				CLANG_ANALYZER_NONNULL = YES;
				CLANG_ANALYZER_NUMBER_OBJECT_CONVERSION = YES_AGGRESSIVE;
				CLANG_CXX_LANGUAGE_STANDARD = "gnu++20";
				CLANG_ENABLE_MODULES = YES;
				CLANG_ENABLE_OBJC_ARC = YES;
				CLANG_ENABLE_OBJC_WEAK = YES;
				CLANG_WARN_BLOCK_CAPTURE_AUTORELEASING = YES;
				CLANG_WARN_BOOL_CONVERSION = YES;
				CLANG_WARN_COMMA = YES;
				CLANG_WARN_CONSTANT_CONVERSION = YES;
				CLANG_WARN_DEPRECATED_OBJC_IMPLEMENTATIONS = YES;
				CLANG_WARN_DIRECT_OBJC_ISA_USAGE = YES_ERROR;
				CLANG_WARN_DOCUMENTATION_COMMENTS = YES;
				CLANG_WARN_EMPTY_BODY = YES;
				CLANG_WARN_ENUM_CONVERSION = YES;
				CLANG_WARN_INFINITE_RECURSION = YES;
				CLANG_WARN_INT_CONVERSION = YES;
				CLANG_WARN_NON_LITERAL_NULL_CONVERSION = YES;
				CLANG_WARN_OBJC_IMPLICIT_RETAIN_SELF = YES;
				CLANG_WARN_OBJC_LITERAL_CONVERSION = YES;
				CLANG_WARN_OBJC_ROOT_CLASS = YES_ERROR;
				CLANG_WARN_QUOTED_INCLUDE_IN_FRAMEWORK_HEADER = YES;
				CLANG_WARN_RANGE_LOOP_ANALYSIS = YES;
				CLANG_WARN_STRICT_PROTOTYPES = YES;
				CLANG_WARN_SUSPICIOUS_MOVE = YES;
				CLANG_WARN_UNGUARDED_AVAILABILITY = YES_AGGRESSIVE;
				CLANG_WARN_UNREACHABLE_CODE = YES;
				CLANG_WARN__DUPLICATE_METHOD_MATCH = YES;
				COPY_PHASE_STRIP = NO;
				DEBUG_INFORMATION_FORMAT = dwarf;
				ENABLE_STRICT_OBJC_MSGSEND = YES;
				ENABLE_TESTABILITY = YES;
				GCC_C_LANGUAGE_STANDARD = gnu11;
				GCC_DYNAMIC_NO_PIC = NO;
				GCC_NO_COMMON_BLOCKS = YES;
				GCC_OPTIMIZATION_LEVEL = 0;
				GCC_PREPROCESSOR_DEFINITIONS = (
					"DEBUG=1",
					"$(inherited)",
				);
				GCC_WARN_64_TO_32_BIT_CONVERSION = YES;
				GCC_WARN_ABOUT_RETURN_TYPE = YES_ERROR;
				GCC_WARN_UNDECLARED_SELECTOR = YES;
				GCC_WARN_UNINITIALIZED_AUTOS = YES_AGGRESSIVE;
				GCC_WARN_UNUSED_FUNCTION = YES;
				GCC_WARN_UNUSED_VARIABLE = YES;
				IPHONEOS_DEPLOYMENT_TARGET = 16.0;
				MTL_ENABLE_DEBUG_INFO = INCLUDE_SOURCE;
				MTL_FAST_MATH = YES;
				ONLY_ACTIVE_ARCH = YES;
				SDKROOT = iphoneos;
				SWIFT_ACTIVE_COMPILATION_CONDITIONS = DEBUG;
				SWIFT_OPTIMIZATION_LEVEL = "-Onone";
			};
			name = Debug;
		};
		4DDAACF12908722F00B4D1C9 /* Release */ = {
			isa = XCBuildConfiguration;
			buildSettings = {
				ALWAYS_SEARCH_USER_PATHS = NO;
				CLANG_ANALYZER_NONNULL = YES;
				CLANG_ANALYZER_NUMBER_OBJECT_CONVERSION = YES_AGGRESSIVE;
				CLANG_CXX_LANGUAGE_STANDARD = "gnu++20";
				CLANG_ENABLE_MODULES = YES;
				CLANG_ENABLE_OBJC_ARC = YES;
				CLANG_ENABLE_OBJC_WEAK = YES;
				CLANG_WARN_BLOCK_CAPTURE_AUTORELEASING = YES;
				CLANG_WARN_BOOL_CONVERSION = YES;
				CLANG_WARN_COMMA = YES;
				CLANG_WARN_CONSTANT_CONVERSION = YES;
				CLANG_WARN_DEPRECATED_OBJC_IMPLEMENTATIONS = YES;
				CLANG_WARN_DIRECT_OBJC_ISA_USAGE = YES_ERROR;
				CLANG_WARN_DOCUMENTATION_COMMENTS = YES;
				CLANG_WARN_EMPTY_BODY = YES;
				CLANG_WARN_ENUM_CONVERSION = YES;
				CLANG_WARN_INFINITE_RECURSION = YES;
				CLANG_WARN_INT_CONVERSION = YES;
				CLANG_WARN_NON_LITERAL_NULL_CONVERSION = YES;
				CLANG_WARN_OBJC_IMPLICIT_RETAIN_SELF = YES;
				CLANG_WARN_OBJC_LITERAL_CONVERSION = YES;
				CLANG_WARN_OBJC_ROOT_CLASS = YES_ERROR;
				CLANG_WARN_QUOTED_INCLUDE_IN_FRAMEWORK_HEADER = YES;
				CLANG_WARN_RANGE_LOOP_ANALYSIS = YES;
				CLANG_WARN_STRICT_PROTOTYPES = YES;
				CLANG_WARN_SUSPICIOUS_MOVE = YES;
				CLANG_WARN_UNGUARDED_AVAILABILITY = YES_AGGRESSIVE;
				CLANG_WARN_UNREACHABLE_CODE = YES;
				CLANG_WARN__DUPLICATE_METHOD_MATCH = YES;
				COPY_PHASE_STRIP = NO;
				DEBUG_INFORMATION_FORMAT = "dwarf-with-dsym";
				ENABLE_NS_ASSERTIONS = NO;
				ENABLE_STRICT_OBJC_MSGSEND = YES;
				GCC_C_LANGUAGE_STANDARD = gnu11;
				GCC_NO_COMMON_BLOCKS = YES;
				GCC_WARN_64_TO_32_BIT_CONVERSION = YES;
				GCC_WARN_ABOUT_RETURN_TYPE = YES_ERROR;
				GCC_WARN_UNDECLARED_SELECTOR = YES;
				GCC_WARN_UNINITIALIZED_AUTOS = YES_AGGRESSIVE;
				GCC_WARN_UNUSED_FUNCTION = YES;
				GCC_WARN_UNUSED_VARIABLE = YES;
				IPHONEOS_DEPLOYMENT_TARGET = 16.0;
				MTL_ENABLE_DEBUG_INFO = NO;
				MTL_FAST_MATH = YES;
				SDKROOT = iphoneos;
				SWIFT_COMPILATION_MODE = wholemodule;
				SWIFT_OPTIMIZATION_LEVEL = "-O";
				VALIDATE_PRODUCT = YES;
			};
			name = Release;
		};
		4DDAACF32908722F00B4D1C9 /* Debug */ = {
			isa = XCBuildConfiguration;
			buildSettings = {
				ASSETCATALOG_COMPILER_APPICON_NAME = AppIcon;
				ASSETCATALOG_COMPILER_GLOBAL_ACCENT_COLOR_NAME = AccentColor;
				CODE_SIGN_STYLE = Automatic;
				CURRENT_PROJECT_VERSION = 1;
				DEVELOPMENT_TEAM = 44Y5KSFRJB;
				GENERATE_INFOPLIST_FILE = YES;
				INFOPLIST_FILE = CoreDataTest/Info.plist;
				INFOPLIST_KEY_UIApplicationSupportsIndirectInputEvents = YES;
				INFOPLIST_KEY_UILaunchStoryboardName = LaunchScreen;
				INFOPLIST_KEY_UIMainStoryboardFile = Main;
				INFOPLIST_KEY_UISupportedInterfaceOrientations_iPad = "UIInterfaceOrientationPortrait UIInterfaceOrientationPortraitUpsideDown UIInterfaceOrientationLandscapeLeft UIInterfaceOrientationLandscapeRight";
				INFOPLIST_KEY_UISupportedInterfaceOrientations_iPhone = "UIInterfaceOrientationPortrait UIInterfaceOrientationLandscapeLeft UIInterfaceOrientationLandscapeRight";
				LD_RUNPATH_SEARCH_PATHS = (
					"$(inherited)",
					"@executable_path/Frameworks",
				);
				MARKETING_VERSION = 1.0;
				PRODUCT_BUNDLE_IDENTIFIER = LawlietStudio.CoreDataTest;
				PRODUCT_NAME = "$(TARGET_NAME)";
				SWIFT_EMIT_LOC_STRINGS = YES;
				SWIFT_VERSION = 5.0;
				TARGETED_DEVICE_FAMILY = "1,2";
			};
			name = Debug;
		};
		4DDAACF42908722F00B4D1C9 /* Release */ = {
			isa = XCBuildConfiguration;
			buildSettings = {
				ASSETCATALOG_COMPILER_APPICON_NAME = AppIcon;
				ASSETCATALOG_COMPILER_GLOBAL_ACCENT_COLOR_NAME = AccentColor;
				CODE_SIGN_STYLE = Automatic;
				CURRENT_PROJECT_VERSION = 1;
				DEVELOPMENT_TEAM = 44Y5KSFRJB;
				GENERATE_INFOPLIST_FILE = YES;
				INFOPLIST_FILE = CoreDataTest/Info.plist;
				INFOPLIST_KEY_UIApplicationSupportsIndirectInputEvents = YES;
				INFOPLIST_KEY_UILaunchStoryboardName = LaunchScreen;
				INFOPLIST_KEY_UIMainStoryboardFile = Main;
				INFOPLIST_KEY_UISupportedInterfaceOrientations_iPad = "UIInterfaceOrientationPortrait UIInterfaceOrientationPortraitUpsideDown UIInterfaceOrientationLandscapeLeft UIInterfaceOrientationLandscapeRight";
				INFOPLIST_KEY_UISupportedInterfaceOrientations_iPhone = "UIInterfaceOrientationPortrait UIInterfaceOrientationLandscapeLeft UIInterfaceOrientationLandscapeRight";
				LD_RUNPATH_SEARCH_PATHS = (
					"$(inherited)",
					"@executable_path/Frameworks",
				);
				MARKETING_VERSION = 1.0;
				PRODUCT_BUNDLE_IDENTIFIER = LawlietStudio.CoreDataTest;
				PRODUCT_NAME = "$(TARGET_NAME)";
				SWIFT_EMIT_LOC_STRINGS = YES;
				SWIFT_VERSION = 5.0;
				TARGETED_DEVICE_FAMILY = "1,2";
			};
			name = Release;
		};
		4DDAACF62908722F00B4D1C9 /* Debug */ = {
			isa = XCBuildConfiguration;
			buildSettings = {
				ALWAYS_EMBED_SWIFT_STANDARD_LIBRARIES = YES;
				BUNDLE_LOADER = "$(TEST_HOST)";
				CODE_SIGN_STYLE = Automatic;
				CURRENT_PROJECT_VERSION = 1;
				DEVELOPMENT_TEAM = 44Y5KSFRJB;
				GENERATE_INFOPLIST_FILE = YES;
				IPHONEOS_DEPLOYMENT_TARGET = 16.0;
				MARKETING_VERSION = 1.0;
				PRODUCT_BUNDLE_IDENTIFIER = LawlietStudio.CoreDataTestTests;
				PRODUCT_NAME = "$(TARGET_NAME)";
				SWIFT_EMIT_LOC_STRINGS = NO;
				SWIFT_VERSION = 5.0;
				TARGETED_DEVICE_FAMILY = "1,2";
				TEST_HOST = "$(BUILT_PRODUCTS_DIR)/CoreDataTest.app/$(BUNDLE_EXECUTABLE_FOLDER_PATH)/CoreDataTest";
			};
			name = Debug;
		};
		4DDAACF72908722F00B4D1C9 /* Release */ = {
			isa = XCBuildConfiguration;
			buildSettings = {
				ALWAYS_EMBED_SWIFT_STANDARD_LIBRARIES = YES;
				BUNDLE_LOADER = "$(TEST_HOST)";
				CODE_SIGN_STYLE = Automatic;
				CURRENT_PROJECT_VERSION = 1;
				DEVELOPMENT_TEAM = 44Y5KSFRJB;
				GENERATE_INFOPLIST_FILE = YES;
				IPHONEOS_DEPLOYMENT_TARGET = 16.0;
				MARKETING_VERSION = 1.0;
				PRODUCT_BUNDLE_IDENTIFIER = LawlietStudio.CoreDataTestTests;
				PRODUCT_NAME = "$(TARGET_NAME)";
				SWIFT_EMIT_LOC_STRINGS = NO;
				SWIFT_VERSION = 5.0;
				TARGETED_DEVICE_FAMILY = "1,2";
				TEST_HOST = "$(BUILT_PRODUCTS_DIR)/CoreDataTest.app/$(BUNDLE_EXECUTABLE_FOLDER_PATH)/CoreDataTest";
			};
			name = Release;
		};
		4DDAACF92908722F00B4D1C9 /* Debug */ = {
			isa = XCBuildConfiguration;
			buildSettings = {
				ALWAYS_EMBED_SWIFT_STANDARD_LIBRARIES = YES;
				CODE_SIGN_STYLE = Automatic;
				CURRENT_PROJECT_VERSION = 1;
				DEVELOPMENT_TEAM = 44Y5KSFRJB;
				GENERATE_INFOPLIST_FILE = YES;
				MARKETING_VERSION = 1.0;
				PRODUCT_BUNDLE_IDENTIFIER = LawlietStudio.CoreDataTestUITests;
				PRODUCT_NAME = "$(TARGET_NAME)";
				SWIFT_EMIT_LOC_STRINGS = NO;
				SWIFT_VERSION = 5.0;
				TARGETED_DEVICE_FAMILY = "1,2";
				TEST_TARGET_NAME = CoreDataTest;
			};
			name = Debug;
		};
		4DDAACFA2908722F00B4D1C9 /* Release */ = {
			isa = XCBuildConfiguration;
			buildSettings = {
				ALWAYS_EMBED_SWIFT_STANDARD_LIBRARIES = YES;
				CODE_SIGN_STYLE = Automatic;
				CURRENT_PROJECT_VERSION = 1;
				DEVELOPMENT_TEAM = 44Y5KSFRJB;
				GENERATE_INFOPLIST_FILE = YES;
				MARKETING_VERSION = 1.0;
				PRODUCT_BUNDLE_IDENTIFIER = LawlietStudio.CoreDataTestUITests;
				PRODUCT_NAME = "$(TARGET_NAME)";
				SWIFT_EMIT_LOC_STRINGS = NO;
				SWIFT_VERSION = 5.0;
				TARGETED_DEVICE_FAMILY = "1,2";
				TEST_TARGET_NAME = CoreDataTest;
			};
			name = Release;
		};
/* End XCBuildConfiguration section */

/* Begin XCConfigurationList section */
		4DDAACC02908722E00B4D1C9 /* Build configuration list for PBXProject "CoreDataTest" */ = {
			isa = XCConfigurationList;
			buildConfigurations = (
				4DDAACF02908722F00B4D1C9 /* Debug */,
				4DDAACF12908722F00B4D1C9 /* Release */,
			);
			defaultConfigurationIsVisible = 0;
			defaultConfigurationName = Release;
		};
		4DDAACF22908722F00B4D1C9 /* Build configuration list for PBXNativeTarget "CoreDataTest" */ = {
			isa = XCConfigurationList;
			buildConfigurations = (
				4DDAACF32908722F00B4D1C9 /* Debug */,
				4DDAACF42908722F00B4D1C9 /* Release */,
			);
			defaultConfigurationIsVisible = 0;
			defaultConfigurationName = Release;
		};
		4DDAACF52908722F00B4D1C9 /* Build configuration list for PBXNativeTarget "CoreDataTestTests" */ = {
			isa = XCConfigurationList;
			buildConfigurations = (
				4DDAACF62908722F00B4D1C9 /* Debug */,
				4DDAACF72908722F00B4D1C9 /* Release */,
			);
			defaultConfigurationIsVisible = 0;
			defaultConfigurationName = Release;
		};
		4DDAACF82908722F00B4D1C9 /* Build configuration list for PBXNativeTarget "CoreDataTestUITests" */ = {
			isa = XCConfigurationList;
			buildConfigurations = (
				4DDAACF92908722F00B4D1C9 /* Debug */,
				4DDAACFA2908722F00B4D1C9 /* Release */,
			);
			defaultConfigurationIsVisible = 0;
			defaultConfigurationName = Release;
		};
/* End XCConfigurationList section */

/* Begin XCVersionGroup section */
		4DDAACD12908722E00B4D1C9 /* CoreDataTest.xcdatamodeld */ = {
			isa = XCVersionGroup;
			children = (
				4DDAACD22908722E00B4D1C9 /* CoreDataTest.xcdatamodel */,
			);
			currentVersion = 4DDAACD22908722E00B4D1C9 /* CoreDataTest.xcdatamodel */;
			path = CoreDataTest.xcdatamodeld;
			sourceTree = "<group>";
			versionGroupType = wrapper.xcdatamodel;
		};
/* End XCVersionGroup section */
	};
	rootObject = 4DDAACBD2908722E00B4D1C9 /* Project object */;
}
