// !$*UTF8*$!
{
	archiveVersion = 1;
	classes = {
	};
	objectVersion = 56;
	objects = {

/* Begin PBXBuildFile section */
		4D0160822BE05DD700892516 /* RectKey.swift in Sources */ = {isa = PBXBuildFile; fileRef = 4D0160812BE05DD700892516 /* RectKey.swift */; };
		4D0160842BE05F7300892516 /* interpolate.swift in Sources */ = {isa = PBXBuildFile; fileRef = 4D0160832BE05F7300892516 /* interpolate.swift */; };
		4DCDBFBA2BE001D600F32D8C /* ScrollableTabBarApp.swift in Sources */ = {isa = PBXBuildFile; fileRef = 4DCDBFB92BE001D600F32D8C /* ScrollableTabBarApp.swift */; };
		4DCDBFBC2BE001D600F32D8C /* ContentView.swift in Sources */ = {isa = PBXBuildFile; fileRef = 4DCDBFBB2BE001D600F32D8C /* ContentView.swift */; };
		4DCDBFBE2BE001D800F32D8C /* Assets.xcassets in Resources */ = {isa = PBXBuildFile; fileRef = 4DCDBFBD2BE001D800F32D8C /* Assets.xcassets */; };
		4DCDBFC12BE001D800F32D8C /* Preview Assets.xcassets in Resources */ = {isa = PBXBuildFile; fileRef = 4DCDBFC02BE001D800F32D8C /* Preview Assets.xcassets */; };
		4DCDBFC82BE0040600F32D8C /* TabModel.swift in Sources */ = {isa = PBXBuildFile; fileRef = 4DCDBFC72BE0040600F32D8C /* TabModel.swift */; };
		4DCDBFCC2BE0052500F32D8C /* Home.swift in Sources */ = {isa = PBXBuildFile; fileRef = 4DCDBFCB2BE0052500F32D8C /* Home.swift */; };
/* End PBXBuildFile section */

/* Begin PBXFileReference section */
		4D0160812BE05DD700892516 /* RectKey.swift */ = {isa = PBXFileReference; lastKnownFileType = sourcecode.swift; path = RectKey.swift; sourceTree = "<group>"; };
		4D0160832BE05F7300892516 /* interpolate.swift */ = {isa = PBXFileReference; lastKnownFileType = sourcecode.swift; path = interpolate.swift; sourceTree = "<group>"; };
		4DCDBFB62BE001D600F32D8C /* ScrollableTabBar.app */ = {isa = PBXFileReference; explicitFileType = wrapper.application; includeInIndex = 0; path = ScrollableTabBar.app; sourceTree = BUILT_PRODUCTS_DIR; };
		4DCDBFB92BE001D600F32D8C /* ScrollableTabBarApp.swift */ = {isa = PBXFileReference; lastKnownFileType = sourcecode.swift; path = ScrollableTabBarApp.swift; sourceTree = "<group>"; };
		4DCDBFBB2BE001D600F32D8C /* ContentView.swift */ = {isa = PBXFileReference; lastKnownFileType = sourcecode.swift; path = ContentView.swift; sourceTree = "<group>"; };
		4DCDBFBD2BE001D800F32D8C /* Assets.xcassets */ = {isa = PBXFileReference; lastKnownFileType = folder.assetcatalog; path = Assets.xcassets; sourceTree = "<group>"; };
		4DCDBFC02BE001D800F32D8C /* Preview Assets.xcassets */ = {isa = PBXFileReference; lastKnownFileType = folder.assetcatalog; path = "Preview Assets.xcassets"; sourceTree = "<group>"; };
		4DCDBFC72BE0040600F32D8C /* TabModel.swift */ = {isa = PBXFileReference; lastKnownFileType = sourcecode.swift; path = TabModel.swift; sourceTree = "<group>"; };
		4DCDBFCB2BE0052500F32D8C /* Home.swift */ = {isa = PBXFileReference; lastKnownFileType = sourcecode.swift; path = Home.swift; sourceTree = "<group>"; };
/* End PBXFileReference section */

/* Begin PBXFrameworksBuildPhase section */
		4DCDBFB32BE001D600F32D8C /* Frameworks */ = {
			isa = PBXFrameworksBuildPhase;
			buildActionMask = 2147483647;
			files = (
			);
			runOnlyForDeploymentPostprocessing = 0;
		};
/* End PBXFrameworksBuildPhase section */

/* Begin PBXGroup section */
		4DCDBFAD2BE001D600F32D8C = {
			isa = PBXGroup;
			children = (
				4DCDBFB82BE001D600F32D8C /* ScrollableTabBar */,
				4DCDBFB72BE001D600F32D8C /* Products */,
			);
			sourceTree = "<group>";
		};
		4DCDBFB72BE001D600F32D8C /* Products */ = {
			isa = PBXGroup;
			children = (
				4DCDBFB62BE001D600F32D8C /* ScrollableTabBar.app */,
			);
			name = Products;
			sourceTree = "<group>";
		};
		4DCDBFB82BE001D600F32D8C /* ScrollableTabBar */ = {
			isa = PBXGroup;
			children = (
				4DCDBFCD2BE0053E00F32D8C /* View */,
				4DCDBFCA2BE0050C00F32D8C /* Model */,
				4DCDBFB92BE001D600F32D8C /* ScrollableTabBarApp.swift */,
				4DCDBFBB2BE001D600F32D8C /* ContentView.swift */,
				4DCDBFBD2BE001D800F32D8C /* Assets.xcassets */,
				4DCDBFBF2BE001D800F32D8C /* Preview Content */,
			);
			path = ScrollableTabBar;
			sourceTree = "<group>";
		};
		4DCDBFBF2BE001D800F32D8C /* Preview Content */ = {
			isa = PBXGroup;
			children = (
				4DCDBFC02BE001D800F32D8C /* Preview Assets.xcassets */,
			);
			path = "Preview Content";
			sourceTree = "<group>";
		};
		4DCDBFCA2BE0050C00F32D8C /* Model */ = {
			isa = PBXGroup;
			children = (
				4DCDBFC72BE0040600F32D8C /* TabModel.swift */,
				4D0160812BE05DD700892516 /* RectKey.swift */,
				4D0160832BE05F7300892516 /* interpolate.swift */,
			);
			path = Model;
			sourceTree = "<group>";
		};
		4DCDBFCD2BE0053E00F32D8C /* View */ = {
			isa = PBXGroup;
			children = (
				4DCDBFCB2BE0052500F32D8C /* Home.swift */,
			);
			path = View;
			sourceTree = "<group>";
		};
/* End PBXGroup section */

/* Begin PBXNativeTarget section */
		4DCDBFB52BE001D600F32D8C /* ScrollableTabBar */ = {
			isa = PBXNativeTarget;
			buildConfigurationList = 4DCDBFC42BE001D800F32D8C /* Build configuration list for PBXNativeTarget "ScrollableTabBar" */;
			buildPhases = (
				4DCDBFB22BE001D600F32D8C /* Sources */,
				4DCDBFB32BE001D600F32D8C /* Frameworks */,
				4DCDBFB42BE001D600F32D8C /* Resources */,
			);
			buildRules = (
			);
			dependencies = (
			);
			name = ScrollableTabBar;
			productName = ScrollableTabBar;
			productReference = 4DCDBFB62BE001D600F32D8C /* ScrollableTabBar.app */;
			productType = "com.apple.product-type.application";
		};
/* End PBXNativeTarget section */

/* Begin PBXProject section */
		4DCDBFAE2BE001D600F32D8C /* Project object */ = {
			isa = PBXProject;
			attributes = {
				BuildIndependentTargetsInParallel = 1;
				LastSwiftUpdateCheck = 1500;
				LastUpgradeCheck = 1500;
				TargetAttributes = {
					4DCDBFB52BE001D600F32D8C = {
						CreatedOnToolsVersion = 15.0;
					};
				};
			};
			buildConfigurationList = 4DCDBFB12BE001D600F32D8C /* Build configuration list for PBXProject "ScrollableTabBar" */;
			compatibilityVersion = "Xcode 14.0";
			developmentRegion = en;
			hasScannedForEncodings = 0;
			knownRegions = (
				en,
				Base,
			);
			mainGroup = 4DCDBFAD2BE001D600F32D8C;
			productRefGroup = 4DCDBFB72BE001D600F32D8C /* Products */;
			projectDirPath = "";
			projectRoot = "";
			targets = (
				4DCDBFB52BE001D600F32D8C /* ScrollableTabBar */,
			);
		};
/* End PBXProject section */

/* Begin PBXResourcesBuildPhase section */
		4DCDBFB42BE001D600F32D8C /* Resources */ = {
			isa = PBXResourcesBuildPhase;
			buildActionMask = 2147483647;
			files = (
				4DCDBFC12BE001D800F32D8C /* Preview Assets.xcassets in Resources */,
				4DCDBFBE2BE001D800F32D8C /* Assets.xcassets in Resources */,
			);
			runOnlyForDeploymentPostprocessing = 0;
		};
/* End PBXResourcesBuildPhase section */

/* Begin PBXSourcesBuildPhase section */
		4DCDBFB22BE001D600F32D8C /* Sources */ = {
			isa = PBXSourcesBuildPhase;
			buildActionMask = 2147483647;
			files = (
				4DCDBFC82BE0040600F32D8C /* TabModel.swift in Sources */,
				4D0160842BE05F7300892516 /* interpolate.swift in Sources */,
				4DCDBFBC2BE001D600F32D8C /* ContentView.swift in Sources */,
				4DCDBFCC2BE0052500F32D8C /* Home.swift in Sources */,
				4D0160822BE05DD700892516 /* RectKey.swift in Sources */,
				4DCDBFBA2BE001D600F32D8C /* ScrollableTabBarApp.swift in Sources */,
			);
			runOnlyForDeploymentPostprocessing = 0;
		};
/* End PBXSourcesBuildPhase section */

/* Begin XCBuildConfiguration section */
		4DCDBFC22BE001D800F32D8C /* Debug */ = {
			isa = XCBuildConfiguration;
			buildSettings = {
				ALWAYS_SEARCH_USER_PATHS = NO;
				ASSETCATALOG_COMPILER_GENERATE_SWIFT_ASSET_SYMBOL_EXTENSIONS = YES;
				CLANG_ANALYZER_NONNULL = YES;
				CLANG_ANALYZER_NUMBER_OBJECT_CONVERSION = YES_AGGRESSIVE;
				CLANG_CXX_LANGUAGE_STANDARD = "gnu++20";
				CLANG_ENABLE_MODULES = YES;
				CLANG_ENABLE_OBJC_ARC = YES;
				CLANG_ENABLE_OBJC_WEAK = YES;
				CLANG_WARN_BLOCK_CAPTURE_AUTORELEASING = YES;
				CLANG_WARN_BOOL_CONVERSION = YES;
				CLANG_WARN_COMMA = YES;
				CLANG_WARN_CONSTANT_CONVERSION = YES;
				CLANG_WARN_DEPRECATED_OBJC_IMPLEMENTATIONS = YES;
				CLANG_WARN_DIRECT_OBJC_ISA_USAGE = YES_ERROR;
				CLANG_WARN_DOCUMENTATION_COMMENTS = YES;
				CLANG_WARN_EMPTY_BODY = YES;
				CLANG_WARN_ENUM_CONVERSION = YES;
				CLANG_WARN_INFINITE_RECURSION = YES;
				CLANG_WARN_INT_CONVERSION = YES;
				CLANG_WARN_NON_LITERAL_NULL_CONVERSION = YES;
				CLANG_WARN_OBJC_IMPLICIT_RETAIN_SELF = YES;
				CLANG_WARN_OBJC_LITERAL_CONVERSION = YES;
				CLANG_WARN_OBJC_ROOT_CLASS = YES_ERROR;
				CLANG_WARN_QUOTED_INCLUDE_IN_FRAMEWORK_HEADER = YES;
				CLANG_WARN_RANGE_LOOP_ANALYSIS = YES;
				CLANG_WARN_STRICT_PROTOTYPES = YES;
				CLANG_WARN_SUSPICIOUS_MOVE = YES;
				CLANG_WARN_UNGUARDED_AVAILABILITY = YES_AGGRESSIVE;
				CLANG_WARN_UNREACHABLE_CODE = YES;
				CLANG_WARN__DUPLICATE_METHOD_MATCH = YES;
				COPY_PHASE_STRIP = NO;
				DEBUG_INFORMATION_FORMAT = dwarf;
				ENABLE_STRICT_OBJC_MSGSEND = YES;
				ENABLE_TESTABILITY = YES;
				ENABLE_USER_SCRIPT_SANDBOXING = YES;
				GCC_C_LANGUAGE_STANDARD = gnu17;
				GCC_DYNAMIC_NO_PIC = NO;
				GCC_NO_COMMON_BLOCKS = YES;
				GCC_OPTIMIZATION_LEVEL = 0;
				GCC_PREPROCESSOR_DEFINITIONS = (
					"DEBUG=1",
					"$(inherited)",
				);
				GCC_WARN_64_TO_32_BIT_CONVERSION = YES;
				GCC_WARN_ABOUT_RETURN_TYPE = YES_ERROR;
				GCC_WARN_UNDECLARED_SELECTOR = YES;
				GCC_WARN_UNINITIALIZED_AUTOS = YES_AGGRESSIVE;
				GCC_WARN_UNUSED_FUNCTION = YES;
				GCC_WARN_UNUSED_VARIABLE = YES;
				IPHONEOS_DEPLOYMENT_TARGET = 17.0;
				LOCALIZATION_PREFERS_STRING_CATALOGS = YES;
				MTL_ENABLE_DEBUG_INFO = INCLUDE_SOURCE;
				MTL_FAST_MATH = YES;
				ONLY_ACTIVE_ARCH = YES;
				SDKROOT = iphoneos;
				SWIFT_ACTIVE_COMPILATION_CONDITIONS = "DEBUG $(inherited)";
				SWIFT_OPTIMIZATION_LEVEL = "-Onone";
			};
			name = Debug;
		};
		4DCDBFC32BE001D800F32D8C /* Release */ = {
			isa = XCBuildConfiguration;
			buildSettings = {
				ALWAYS_SEARCH_USER_PATHS = NO;
				ASSETCATALOG_COMPILER_GENERATE_SWIFT_ASSET_SYMBOL_EXTENSIONS = YES;
				CLANG_ANALYZER_NONNULL = YES;
				CLANG_ANALYZER_NUMBER_OBJECT_CONVERSION = YES_AGGRESSIVE;
				CLANG_CXX_LANGUAGE_STANDARD = "gnu++20";
				CLANG_ENABLE_MODULES = YES;
				CLANG_ENABLE_OBJC_ARC = YES;
				CLANG_ENABLE_OBJC_WEAK = YES;
				CLANG_WARN_BLOCK_CAPTURE_AUTORELEASING = YES;
				CLANG_WARN_BOOL_CONVERSION = YES;
				CLANG_WARN_COMMA = YES;
				CLANG_WARN_CONSTANT_CONVERSION = YES;
				CLANG_WARN_DEPRECATED_OBJC_IMPLEMENTATIONS = YES;
				CLANG_WARN_DIRECT_OBJC_ISA_USAGE = YES_ERROR;
				CLANG_WARN_DOCUMENTATION_COMMENTS = YES;
				CLANG_WARN_EMPTY_BODY = YES;
				CLANG_WARN_ENUM_CONVERSION = YES;
				CLANG_WARN_INFINITE_RECURSION = YES;
				CLANG_WARN_INT_CONVERSION = YES;
				CLANG_WARN_NON_LITERAL_NULL_CONVERSION = YES;
				CLANG_WARN_OBJC_IMPLICIT_RETAIN_SELF = YES;
				CLANG_WARN_OBJC_LITERAL_CONVERSION = YES;
				CLANG_WARN_OBJC_ROOT_CLASS = YES_ERROR;
				CLANG_WARN_QUOTED_INCLUDE_IN_FRAMEWORK_HEADER = YES;
				CLANG_WARN_RANGE_LOOP_ANALYSIS = YES;
				CLANG_WARN_STRICT_PROTOTYPES = YES;
				CLANG_WARN_SUSPICIOUS_MOVE = YES;
				CLANG_WARN_UNGUARDED_AVAILABILITY = YES_AGGRESSIVE;
				CLANG_WARN_UNREACHABLE_CODE = YES;
				CLANG_WARN__DUPLICATE_METHOD_MATCH = YES;
				COPY_PHASE_STRIP = NO;
				DEBUG_INFORMATION_FORMAT = "dwarf-with-dsym";
				ENABLE_NS_ASSERTIONS = NO;
				ENABLE_STRICT_OBJC_MSGSEND = YES;
				ENABLE_USER_SCRIPT_SANDBOXING = YES;
				GCC_C_LANGUAGE_STANDARD = gnu17;
				GCC_NO_COMMON_BLOCKS = YES;
				GCC_WARN_64_TO_32_BIT_CONVERSION = YES;
				GCC_WARN_ABOUT_RETURN_TYPE = YES_ERROR;
				GCC_WARN_UNDECLARED_SELECTOR = YES;
				GCC_WARN_UNINITIALIZED_AUTOS = YES_AGGRESSIVE;
				GCC_WARN_UNUSED_FUNCTION = YES;
				GCC_WARN_UNUSED_VARIABLE = YES;
				IPHONEOS_DEPLOYMENT_TARGET = 17.0;
				LOCALIZATION_PREFERS_STRING_CATALOGS = YES;
				MTL_ENABLE_DEBUG_INFO = NO;
				MTL_FAST_MATH = YES;
				SDKROOT = iphoneos;
				SWIFT_COMPILATION_MODE = wholemodule;
				VALIDATE_PRODUCT = YES;
			};
			name = Release;
		};
		4DCDBFC52BE001D800F32D8C /* Debug */ = {
			isa = XCBuildConfiguration;
			buildSettings = {
				ASSETCATALOG_COMPILER_APPICON_NAME = AppIcon;
				ASSETCATALOG_COMPILER_GLOBAL_ACCENT_COLOR_NAME = AccentColor;
				CODE_SIGN_STYLE = Automatic;
				CURRENT_PROJECT_VERSION = 1;
				DEVELOPMENT_ASSET_PATHS = "\"ScrollableTabBar/Preview Content\"";
				DEVELOPMENT_TEAM = DSA696T89C;
				ENABLE_PREVIEWS = YES;
				GENERATE_INFOPLIST_FILE = YES;
				INFOPLIST_KEY_UIApplicationSceneManifest_Generation = YES;
				INFOPLIST_KEY_UIApplicationSupportsIndirectInputEvents = YES;
				INFOPLIST_KEY_UILaunchScreen_Generation = YES;
				INFOPLIST_KEY_UISupportedInterfaceOrientations_iPad = "UIInterfaceOrientationPortrait UIInterfaceOrientationPortraitUpsideDown UIInterfaceOrientationLandscapeLeft UIInterfaceOrientationLandscapeRight";
				INFOPLIST_KEY_UISupportedInterfaceOrientations_iPhone = "UIInterfaceOrientationPortrait UIInterfaceOrientationLandscapeLeft UIInterfaceOrientationLandscapeRight";
				LD_RUNPATH_SEARCH_PATHS = (
					"$(inherited)",
					"@executable_path/Frameworks",
				);
				MARKETING_VERSION = 1.0;
				PRODUCT_BUNDLE_IDENTIFIER = LawlietStudio.ScrollableTabBar;
				PRODUCT_NAME = "$(TARGET_NAME)";
				SWIFT_EMIT_LOC_STRINGS = YES;
				SWIFT_VERSION = 5.0;
				TARGETED_DEVICE_FAMILY = "1,2";
			};
			name = Debug;
		};
		4DCDBFC62BE001D800F32D8C /* Release */ = {
			isa = XCBuildConfiguration;
			buildSettings = {
				ASSETCATALOG_COMPILER_APPICON_NAME = AppIcon;
				ASSETCATALOG_COMPILER_GLOBAL_ACCENT_COLOR_NAME = AccentColor;
				CODE_SIGN_STYLE = Automatic;
				CURRENT_PROJECT_VERSION = 1;
				DEVELOPMENT_ASSET_PATHS = "\"ScrollableTabBar/Preview Content\"";
				DEVELOPMENT_TEAM = DSA696T89C;
				ENABLE_PREVIEWS = YES;
				GENERATE_INFOPLIST_FILE = YES;
				INFOPLIST_KEY_UIApplicationSceneManifest_Generation = YES;
				INFOPLIST_KEY_UIApplicationSupportsIndirectInputEvents = YES;
				INFOPLIST_KEY_UILaunchScreen_Generation = YES;
				INFOPLIST_KEY_UISupportedInterfaceOrientations_iPad = "UIInterfaceOrientationPortrait UIInterfaceOrientationPortraitUpsideDown UIInterfaceOrientationLandscapeLeft UIInterfaceOrientationLandscapeRight";
				INFOPLIST_KEY_UISupportedInterfaceOrientations_iPhone = "UIInterfaceOrientationPortrait UIInterfaceOrientationLandscapeLeft UIInterfaceOrientationLandscapeRight";
				LD_RUNPATH_SEARCH_PATHS = (
					"$(inherited)",
					"@executable_path/Frameworks",
				);
				MARKETING_VERSION = 1.0;
				PRODUCT_BUNDLE_IDENTIFIER = LawlietStudio.ScrollableTabBar;
				PRODUCT_NAME = "$(TARGET_NAME)";
				SWIFT_EMIT_LOC_STRINGS = YES;
				SWIFT_VERSION = 5.0;
				TARGETED_DEVICE_FAMILY = "1,2";
			};
			name = Release;
		};
/* End XCBuildConfiguration section */

/* Begin XCConfigurationList section */
		4DCDBFB12BE001D600F32D8C /* Build configuration list for PBXProject "ScrollableTabBar" */ = {
			isa = XCConfigurationList;
			buildConfigurations = (
				4DCDBFC22BE001D800F32D8C /* Debug */,
				4DCDBFC32BE001D800F32D8C /* Release */,
			);
			defaultConfigurationIsVisible = 0;
			defaultConfigurationName = Release;
		};
		4DCDBFC42BE001D800F32D8C /* Build configuration list for PBXNativeTarget "ScrollableTabBar" */ = {
			isa = XCConfigurationList;
			buildConfigurations = (
				4DCDBFC52BE001D800F32D8C /* Debug */,
				4DCDBFC62BE001D800F32D8C /* Release */,
			);
			defaultConfigurationIsVisible = 0;
			defaultConfigurationName = Release;
		};
/* End XCConfigurationList section */
	};
	rootObject = 4DCDBFAE2BE001D600F32D8C /* Project object */;
}
