// !$*UTF8*$!
{
	archiveVersion = 1;
	classes = {
	};
	objectVersion = 77;
	objects = {

/* Begin PBXBuildFile section */
		4D0896F02DBEF3C80029FE55 /* WidgetKit.framework in Frameworks */ = {isa = PBXBuildFile; fileRef = 4D0896EF2DBEF3C80029FE55 /* WidgetKit.framework */; };
		4D0896F22DBEF3C80029FE55 /* SwiftUI.framework in Frameworks */ = {isa = PBXBuildFile; fileRef = 4D0896F12DBEF3C80029FE55 /* SwiftUI.framework */; };
		4D0897032DBEF3CA0029FE55 /* OrderStatusExtension.appex in Embed Foundation Extensions */ = {isa = PBXBuildFile; fileRef = 4D0896ED2DBEF3C80029FE55 /* OrderStatusExtension.appex */; settings = {ATTRIBUTES = (RemoveHeadersOnCopy, ); }; };
/* End PBXBuildFile section */

/* Begin PBXContainerItemProxy section */
		4D0897012DBEF3CA0029FE55 /* PBXContainerItemProxy */ = {
			isa = PBXContainerItemProxy;
			containerPortal = 4D0896D02DBEF3600029FE55 /* Project object */;
			proxyType = 1;
			remoteGlobalIDString = 4D0896EC2DBEF3C80029FE55;
			remoteInfo = OrderStatusExtension;
		};
/* End PBXContainerItemProxy section */

/* Begin PBXCopyFilesBuildPhase section */
		4D0897082DBEF3CA0029FE55 /* Embed Foundation Extensions */ = {
			isa = PBXCopyFilesBuildPhase;
			buildActionMask = 2147483647;
			dstPath = "";
			dstSubfolderSpec = 13;
			files = (
				4D0897032DBEF3CA0029FE55 /* OrderStatusExtension.appex in Embed Foundation Extensions */,
			);
			name = "Embed Foundation Extensions";
			runOnlyForDeploymentPostprocessing = 0;
		};
/* End PBXCopyFilesBuildPhase section */

/* Begin PBXFileReference section */
		4D0896D82DBEF3600029FE55 /* LiveActivityAPI.app */ = {isa = PBXFileReference; explicitFileType = wrapper.application; includeInIndex = 0; path = LiveActivityAPI.app; sourceTree = BUILT_PRODUCTS_DIR; };
		4D0896ED2DBEF3C80029FE55 /* OrderStatusExtension.appex */ = {isa = PBXFileReference; explicitFileType = "wrapper.app-extension"; includeInIndex = 0; path = OrderStatusExtension.appex; sourceTree = BUILT_PRODUCTS_DIR; };
		4D0896EF2DBEF3C80029FE55 /* WidgetKit.framework */ = {isa = PBXFileReference; lastKnownFileType = wrapper.framework; name = WidgetKit.framework; path = System/Library/Frameworks/WidgetKit.framework; sourceTree = SDKROOT; };
		4D0896F12DBEF3C80029FE55 /* SwiftUI.framework */ = {isa = PBXFileReference; lastKnownFileType = wrapper.framework; name = SwiftUI.framework; path = System/Library/Frameworks/SwiftUI.framework; sourceTree = SDKROOT; };
/* End PBXFileReference section */

/* Begin PBXFileSystemSynchronizedBuildFileExceptionSet section */
		4D0897042DBEF3CA0029FE55 /* Exceptions for "OrderStatus" folder in "OrderStatusExtension" target */ = {
			isa = PBXFileSystemSynchronizedBuildFileExceptionSet;
			membershipExceptions = (
				Info.plist,
			);
			target = 4D0896EC2DBEF3C80029FE55 /* OrderStatusExtension */;
		};
		4D08970D2DBEF4C30029FE55 /* Exceptions for "LiveActivityAPI" folder in "OrderStatusExtension" target */ = {
			isa = PBXFileSystemSynchronizedBuildFileExceptionSet;
			membershipExceptions = (
				Model/OrderAttributes.swift,
			);
			target = 4D0896EC2DBEF3C80029FE55 /* OrderStatusExtension */;
		};
/* End PBXFileSystemSynchronizedBuildFileExceptionSet section */

/* Begin PBXFileSystemSynchronizedRootGroup section */
		4D0896DA2DBEF3600029FE55 /* LiveActivityAPI */ = {
			isa = PBXFileSystemSynchronizedRootGroup;
			exceptions = (
				4D08970D2DBEF4C30029FE55 /* Exceptions for "LiveActivityAPI" folder in "OrderStatusExtension" target */,
			);
			path = LiveActivityAPI;
			sourceTree = "<group>";
		};
		4D0896F32DBEF3C80029FE55 /* OrderStatus */ = {
			isa = PBXFileSystemSynchronizedRootGroup;
			exceptions = (
				4D0897042DBEF3CA0029FE55 /* Exceptions for "OrderStatus" folder in "OrderStatusExtension" target */,
			);
			path = OrderStatus;
			sourceTree = "<group>";
		};
/* End PBXFileSystemSynchronizedRootGroup section */

/* Begin PBXFrameworksBuildPhase section */
		4D0896D52DBEF3600029FE55 /* Frameworks */ = {
			isa = PBXFrameworksBuildPhase;
			buildActionMask = 2147483647;
			files = (
			);
			runOnlyForDeploymentPostprocessing = 0;
		};
		4D0896EA2DBEF3C80029FE55 /* Frameworks */ = {
			isa = PBXFrameworksBuildPhase;
			buildActionMask = 2147483647;
			files = (
				4D0896F22DBEF3C80029FE55 /* SwiftUI.framework in Frameworks */,
				4D0896F02DBEF3C80029FE55 /* WidgetKit.framework in Frameworks */,
			);
			runOnlyForDeploymentPostprocessing = 0;
		};
/* End PBXFrameworksBuildPhase section */

/* Begin PBXGroup section */
		4D0896CF2DBEF3600029FE55 = {
			isa = PBXGroup;
			children = (
				4D0896DA2DBEF3600029FE55 /* LiveActivityAPI */,
				4D0896F32DBEF3C80029FE55 /* OrderStatus */,
				4D0896EE2DBEF3C80029FE55 /* Frameworks */,
				4D0896D92DBEF3600029FE55 /* Products */,
			);
			sourceTree = "<group>";
		};
		4D0896D92DBEF3600029FE55 /* Products */ = {
			isa = PBXGroup;
			children = (
				4D0896D82DBEF3600029FE55 /* LiveActivityAPI.app */,
				4D0896ED2DBEF3C80029FE55 /* OrderStatusExtension.appex */,
			);
			name = Products;
			sourceTree = "<group>";
		};
		4D0896EE2DBEF3C80029FE55 /* Frameworks */ = {
			isa = PBXGroup;
			children = (
				4D0896EF2DBEF3C80029FE55 /* WidgetKit.framework */,
				4D0896F12DBEF3C80029FE55 /* SwiftUI.framework */,
			);
			name = Frameworks;
			sourceTree = "<group>";
		};
/* End PBXGroup section */

/* Begin PBXNativeTarget section */
		4D0896D72DBEF3600029FE55 /* LiveActivityAPI */ = {
			isa = PBXNativeTarget;
			buildConfigurationList = 4D0896E62DBEF3620029FE55 /* Build configuration list for PBXNativeTarget "LiveActivityAPI" */;
			buildPhases = (
				4D0896D42DBEF3600029FE55 /* Sources */,
				4D0896D52DBEF3600029FE55 /* Frameworks */,
				4D0896D62DBEF3600029FE55 /* Resources */,
				4D0897082DBEF3CA0029FE55 /* Embed Foundation Extensions */,
			);
			buildRules = (
			);
			dependencies = (
				4D0897022DBEF3CA0029FE55 /* PBXTargetDependency */,
			);
			fileSystemSynchronizedGroups = (
				4D0896DA2DBEF3600029FE55 /* LiveActivityAPI */,
			);
			name = LiveActivityAPI;
			packageProductDependencies = (
			);
			productName = LiveActivityAPI;
			productReference = 4D0896D82DBEF3600029FE55 /* LiveActivityAPI.app */;
			productType = "com.apple.product-type.application";
		};
		4D0896EC2DBEF3C80029FE55 /* OrderStatusExtension */ = {
			isa = PBXNativeTarget;
			buildConfigurationList = 4D0897052DBEF3CA0029FE55 /* Build configuration list for PBXNativeTarget "OrderStatusExtension" */;
			buildPhases = (
				4D0896E92DBEF3C80029FE55 /* Sources */,
				4D0896EA2DBEF3C80029FE55 /* Frameworks */,
				4D0896EB2DBEF3C80029FE55 /* Resources */,
			);
			buildRules = (
			);
			dependencies = (
			);
			fileSystemSynchronizedGroups = (
				4D0896F32DBEF3C80029FE55 /* OrderStatus */,
			);
			name = OrderStatusExtension;
			packageProductDependencies = (
			);
			productName = OrderStatusExtension;
			productReference = 4D0896ED2DBEF3C80029FE55 /* OrderStatusExtension.appex */;
			productType = "com.apple.product-type.app-extension";
		};
/* End PBXNativeTarget section */

/* Begin PBXProject section */
		4D0896D02DBEF3600029FE55 /* Project object */ = {
			isa = PBXProject;
			attributes = {
				BuildIndependentTargetsInParallel = 1;
				LastSwiftUpdateCheck = 1610;
				LastUpgradeCheck = 1610;
				TargetAttributes = {
					4D0896D72DBEF3600029FE55 = {
						CreatedOnToolsVersion = 16.1;
					};
					4D0896EC2DBEF3C80029FE55 = {
						CreatedOnToolsVersion = 16.1;
					};
				};
			};
			buildConfigurationList = 4D0896D32DBEF3600029FE55 /* Build configuration list for PBXProject "LiveActivityAPI" */;
			developmentRegion = en;
			hasScannedForEncodings = 0;
			knownRegions = (
				en,
				Base,
			);
			mainGroup = 4D0896CF2DBEF3600029FE55;
			minimizedProjectReferenceProxies = 1;
			preferredProjectObjectVersion = 77;
			productRefGroup = 4D0896D92DBEF3600029FE55 /* Products */;
			projectDirPath = "";
			projectRoot = "";
			targets = (
				4D0896D72DBEF3600029FE55 /* LiveActivityAPI */,
				4D0896EC2DBEF3C80029FE55 /* OrderStatusExtension */,
			);
		};
/* End PBXProject section */

/* Begin PBXResourcesBuildPhase section */
		4D0896D62DBEF3600029FE55 /* Resources */ = {
			isa = PBXResourcesBuildPhase;
			buildActionMask = 2147483647;
			files = (
			);
			runOnlyForDeploymentPostprocessing = 0;
		};
		4D0896EB2DBEF3C80029FE55 /* Resources */ = {
			isa = PBXResourcesBuildPhase;
			buildActionMask = 2147483647;
			files = (
			);
			runOnlyForDeploymentPostprocessing = 0;
		};
/* End PBXResourcesBuildPhase section */

/* Begin PBXSourcesBuildPhase section */
		4D0896D42DBEF3600029FE55 /* Sources */ = {
			isa = PBXSourcesBuildPhase;
			buildActionMask = 2147483647;
			files = (
			);
			runOnlyForDeploymentPostprocessing = 0;
		};
		4D0896E92DBEF3C80029FE55 /* Sources */ = {
			isa = PBXSourcesBuildPhase;
			buildActionMask = 2147483647;
			files = (
			);
			runOnlyForDeploymentPostprocessing = 0;
		};
/* End PBXSourcesBuildPhase section */

/* Begin PBXTargetDependency section */
		4D0897022DBEF3CA0029FE55 /* PBXTargetDependency */ = {
			isa = PBXTargetDependency;
			target = 4D0896EC2DBEF3C80029FE55 /* OrderStatusExtension */;
			targetProxy = 4D0897012DBEF3CA0029FE55 /* PBXContainerItemProxy */;
		};
/* End PBXTargetDependency section */

/* Begin XCBuildConfiguration section */
		4D0896E42DBEF3620029FE55 /* Debug */ = {
			isa = XCBuildConfiguration;
			buildSettings = {
				ALWAYS_SEARCH_USER_PATHS = NO;
				ASSETCATALOG_COMPILER_GENERATE_SWIFT_ASSET_SYMBOL_EXTENSIONS = YES;
				CLANG_ANALYZER_NONNULL = YES;
				CLANG_ANALYZER_NUMBER_OBJECT_CONVERSION = YES_AGGRESSIVE;
				CLANG_CXX_LANGUAGE_STANDARD = "gnu++20";
				CLANG_ENABLE_MODULES = YES;
				CLANG_ENABLE_OBJC_ARC = YES;
				CLANG_ENABLE_OBJC_WEAK = YES;
				CLANG_WARN_BLOCK_CAPTURE_AUTORELEASING = YES;
				CLANG_WARN_BOOL_CONVERSION = YES;
				CLANG_WARN_COMMA = YES;
				CLANG_WARN_CONSTANT_CONVERSION = YES;
				CLANG_WARN_DEPRECATED_OBJC_IMPLEMENTATIONS = YES;
				CLANG_WARN_DIRECT_OBJC_ISA_USAGE = YES_ERROR;
				CLANG_WARN_DOCUMENTATION_COMMENTS = YES;
				CLANG_WARN_EMPTY_BODY = YES;
				CLANG_WARN_ENUM_CONVERSION = YES;
				CLANG_WARN_INFINITE_RECURSION = YES;
				CLANG_WARN_INT_CONVERSION = YES;
				CLANG_WARN_NON_LITERAL_NULL_CONVERSION = YES;
				CLANG_WARN_OBJC_IMPLICIT_RETAIN_SELF = YES;
				CLANG_WARN_OBJC_LITERAL_CONVERSION = YES;
				CLANG_WARN_OBJC_ROOT_CLASS = YES_ERROR;
				CLANG_WARN_QUOTED_INCLUDE_IN_FRAMEWORK_HEADER = YES;
				CLANG_WARN_RANGE_LOOP_ANALYSIS = YES;
				CLANG_WARN_STRICT_PROTOTYPES = YES;
				CLANG_WARN_SUSPICIOUS_MOVE = YES;
				CLANG_WARN_UNGUARDED_AVAILABILITY = YES_AGGRESSIVE;
				CLANG_WARN_UNREACHABLE_CODE = YES;
				CLANG_WARN__DUPLICATE_METHOD_MATCH = YES;
				COPY_PHASE_STRIP = NO;
				DEBUG_INFORMATION_FORMAT = dwarf;
				ENABLE_STRICT_OBJC_MSGSEND = YES;
				ENABLE_TESTABILITY = YES;
				ENABLE_USER_SCRIPT_SANDBOXING = YES;
				GCC_C_LANGUAGE_STANDARD = gnu17;
				GCC_DYNAMIC_NO_PIC = NO;
				GCC_NO_COMMON_BLOCKS = YES;
				GCC_OPTIMIZATION_LEVEL = 0;
				GCC_PREPROCESSOR_DEFINITIONS = (
					"DEBUG=1",
					"$(inherited)",
				);
				GCC_WARN_64_TO_32_BIT_CONVERSION = YES;
				GCC_WARN_ABOUT_RETURN_TYPE = YES_ERROR;
				GCC_WARN_UNDECLARED_SELECTOR = YES;
				GCC_WARN_UNINITIALIZED_AUTOS = YES_AGGRESSIVE;
				GCC_WARN_UNUSED_FUNCTION = YES;
				GCC_WARN_UNUSED_VARIABLE = YES;
				IPHONEOS_DEPLOYMENT_TARGET = 18.1;
				LOCALIZATION_PREFERS_STRING_CATALOGS = YES;
				MTL_ENABLE_DEBUG_INFO = INCLUDE_SOURCE;
				MTL_FAST_MATH = YES;
				ONLY_ACTIVE_ARCH = YES;
				SDKROOT = iphoneos;
				SWIFT_ACTIVE_COMPILATION_CONDITIONS = "DEBUG $(inherited)";
				SWIFT_OPTIMIZATION_LEVEL = "-Onone";
			};
			name = Debug;
		};
		4D0896E52DBEF3620029FE55 /* Release */ = {
			isa = XCBuildConfiguration;
			buildSettings = {
				ALWAYS_SEARCH_USER_PATHS = NO;
				ASSETCATALOG_COMPILER_GENERATE_SWIFT_ASSET_SYMBOL_EXTENSIONS = YES;
				CLANG_ANALYZER_NONNULL = YES;
				CLANG_ANALYZER_NUMBER_OBJECT_CONVERSION = YES_AGGRESSIVE;
				CLANG_CXX_LANGUAGE_STANDARD = "gnu++20";
				CLANG_ENABLE_MODULES = YES;
				CLANG_ENABLE_OBJC_ARC = YES;
				CLANG_ENABLE_OBJC_WEAK = YES;
				CLANG_WARN_BLOCK_CAPTURE_AUTORELEASING = YES;
				CLANG_WARN_BOOL_CONVERSION = YES;
				CLANG_WARN_COMMA = YES;
				CLANG_WARN_CONSTANT_CONVERSION = YES;
				CLANG_WARN_DEPRECATED_OBJC_IMPLEMENTATIONS = YES;
				CLANG_WARN_DIRECT_OBJC_ISA_USAGE = YES_ERROR;
				CLANG_WARN_DOCUMENTATION_COMMENTS = YES;
				CLANG_WARN_EMPTY_BODY = YES;
				CLANG_WARN_ENUM_CONVERSION = YES;
				CLANG_WARN_INFINITE_RECURSION = YES;
				CLANG_WARN_INT_CONVERSION = YES;
				CLANG_WARN_NON_LITERAL_NULL_CONVERSION = YES;
				CLANG_WARN_OBJC_IMPLICIT_RETAIN_SELF = YES;
				CLANG_WARN_OBJC_LITERAL_CONVERSION = YES;
				CLANG_WARN_OBJC_ROOT_CLASS = YES_ERROR;
				CLANG_WARN_QUOTED_INCLUDE_IN_FRAMEWORK_HEADER = YES;
				CLANG_WARN_RANGE_LOOP_ANALYSIS = YES;
				CLANG_WARN_STRICT_PROTOTYPES = YES;
				CLANG_WARN_SUSPICIOUS_MOVE = YES;
				CLANG_WARN_UNGUARDED_AVAILABILITY = YES_AGGRESSIVE;
				CLANG_WARN_UNREACHABLE_CODE = YES;
				CLANG_WARN__DUPLICATE_METHOD_MATCH = YES;
				COPY_PHASE_STRIP = NO;
				DEBUG_INFORMATION_FORMAT = "dwarf-with-dsym";
				ENABLE_NS_ASSERTIONS = NO;
				ENABLE_STRICT_OBJC_MSGSEND = YES;
				ENABLE_USER_SCRIPT_SANDBOXING = YES;
				GCC_C_LANGUAGE_STANDARD = gnu17;
				GCC_NO_COMMON_BLOCKS = YES;
				GCC_WARN_64_TO_32_BIT_CONVERSION = YES;
				GCC_WARN_ABOUT_RETURN_TYPE = YES_ERROR;
				GCC_WARN_UNDECLARED_SELECTOR = YES;
				GCC_WARN_UNINITIALIZED_AUTOS = YES_AGGRESSIVE;
				GCC_WARN_UNUSED_FUNCTION = YES;
				GCC_WARN_UNUSED_VARIABLE = YES;
				IPHONEOS_DEPLOYMENT_TARGET = 18.1;
				LOCALIZATION_PREFERS_STRING_CATALOGS = YES;
				MTL_ENABLE_DEBUG_INFO = NO;
				MTL_FAST_MATH = YES;
				SDKROOT = iphoneos;
				SWIFT_COMPILATION_MODE = wholemodule;
				VALIDATE_PRODUCT = YES;
			};
			name = Release;
		};
		4D0896E72DBEF3620029FE55 /* Debug */ = {
			isa = XCBuildConfiguration;
			buildSettings = {
				ASSETCATALOG_COMPILER_APPICON_NAME = AppIcon;
				ASSETCATALOG_COMPILER_GLOBAL_ACCENT_COLOR_NAME = AccentColor;
				CODE_SIGN_STYLE = Automatic;
				CURRENT_PROJECT_VERSION = 1;
				DEVELOPMENT_ASSET_PATHS = "\"LiveActivityAPI/Preview Content\"";
				DEVELOPMENT_TEAM = 44Y5KSFRJB;
				ENABLE_PREVIEWS = YES;
				GENERATE_INFOPLIST_FILE = YES;
				INFOPLIST_KEY_NSSupportsLiveActivities = YES;
				INFOPLIST_KEY_UIApplicationSceneManifest_Generation = YES;
				INFOPLIST_KEY_UIApplicationSupportsIndirectInputEvents = YES;
				INFOPLIST_KEY_UILaunchScreen_Generation = YES;
				INFOPLIST_KEY_UISupportedInterfaceOrientations_iPad = "UIInterfaceOrientationPortrait UIInterfaceOrientationPortraitUpsideDown UIInterfaceOrientationLandscapeLeft UIInterfaceOrientationLandscapeRight";
				INFOPLIST_KEY_UISupportedInterfaceOrientations_iPhone = "UIInterfaceOrientationPortrait UIInterfaceOrientationLandscapeLeft UIInterfaceOrientationLandscapeRight";
				LD_RUNPATH_SEARCH_PATHS = (
					"$(inherited)",
					"@executable_path/Frameworks",
				);
				MARKETING_VERSION = 1.0;
				PRODUCT_BUNDLE_IDENTIFIER = LawlietStudio.LiveActivityAPI;
				PRODUCT_NAME = "$(TARGET_NAME)";
				SWIFT_EMIT_LOC_STRINGS = YES;
				SWIFT_VERSION = 5.0;
				TARGETED_DEVICE_FAMILY = "1,2";
			};
			name = Debug;
		};
		4D0896E82DBEF3620029FE55 /* Release */ = {
			isa = XCBuildConfiguration;
			buildSettings = {
				ASSETCATALOG_COMPILER_APPICON_NAME = AppIcon;
				ASSETCATALOG_COMPILER_GLOBAL_ACCENT_COLOR_NAME = AccentColor;
				CODE_SIGN_STYLE = Automatic;
				CURRENT_PROJECT_VERSION = 1;
				DEVELOPMENT_ASSET_PATHS = "\"LiveActivityAPI/Preview Content\"";
				DEVELOPMENT_TEAM = 44Y5KSFRJB;
				ENABLE_PREVIEWS = YES;
				GENERATE_INFOPLIST_FILE = YES;
				INFOPLIST_KEY_NSSupportsLiveActivities = YES;
				INFOPLIST_KEY_UIApplicationSceneManifest_Generation = YES;
				INFOPLIST_KEY_UIApplicationSupportsIndirectInputEvents = YES;
				INFOPLIST_KEY_UILaunchScreen_Generation = YES;
				INFOPLIST_KEY_UISupportedInterfaceOrientations_iPad = "UIInterfaceOrientationPortrait UIInterfaceOrientationPortraitUpsideDown UIInterfaceOrientationLandscapeLeft UIInterfaceOrientationLandscapeRight";
				INFOPLIST_KEY_UISupportedInterfaceOrientations_iPhone = "UIInterfaceOrientationPortrait UIInterfaceOrientationLandscapeLeft UIInterfaceOrientationLandscapeRight";
				LD_RUNPATH_SEARCH_PATHS = (
					"$(inherited)",
					"@executable_path/Frameworks",
				);
				MARKETING_VERSION = 1.0;
				PRODUCT_BUNDLE_IDENTIFIER = LawlietStudio.LiveActivityAPI;
				PRODUCT_NAME = "$(TARGET_NAME)";
				SWIFT_EMIT_LOC_STRINGS = YES;
				SWIFT_VERSION = 5.0;
				TARGETED_DEVICE_FAMILY = "1,2";
			};
			name = Release;
		};
		4D0897062DBEF3CA0029FE55 /* Debug */ = {
			isa = XCBuildConfiguration;
			buildSettings = {
				ASSETCATALOG_COMPILER_GLOBAL_ACCENT_COLOR_NAME = AccentColor;
				ASSETCATALOG_COMPILER_WIDGET_BACKGROUND_COLOR_NAME = WidgetBackground;
				CODE_SIGN_STYLE = Automatic;
				CURRENT_PROJECT_VERSION = 1;
				DEVELOPMENT_TEAM = 44Y5KSFRJB;
				GENERATE_INFOPLIST_FILE = YES;
				INFOPLIST_FILE = OrderStatus/Info.plist;
				INFOPLIST_KEY_CFBundleDisplayName = OrderStatus;
				INFOPLIST_KEY_NSHumanReadableCopyright = "";
				LD_RUNPATH_SEARCH_PATHS = (
					"$(inherited)",
					"@executable_path/Frameworks",
					"@executable_path/../../Frameworks",
				);
				MARKETING_VERSION = 1.0;
				PRODUCT_BUNDLE_IDENTIFIER = LawlietStudio.LiveActivityAPI.OrderStatus;
				PRODUCT_NAME = "$(TARGET_NAME)";
				SKIP_INSTALL = YES;
				SWIFT_EMIT_LOC_STRINGS = YES;
				SWIFT_VERSION = 5.0;
				TARGETED_DEVICE_FAMILY = "1,2";
			};
			name = Debug;
		};
		4D0897072DBEF3CA0029FE55 /* Release */ = {
			isa = XCBuildConfiguration;
			buildSettings = {
				ASSETCATALOG_COMPILER_GLOBAL_ACCENT_COLOR_NAME = AccentColor;
				ASSETCATALOG_COMPILER_WIDGET_BACKGROUND_COLOR_NAME = WidgetBackground;
				CODE_SIGN_STYLE = Automatic;
				CURRENT_PROJECT_VERSION = 1;
				DEVELOPMENT_TEAM = 44Y5KSFRJB;
				GENERATE_INFOPLIST_FILE = YES;
				INFOPLIST_FILE = OrderStatus/Info.plist;
				INFOPLIST_KEY_CFBundleDisplayName = OrderStatus;
				INFOPLIST_KEY_NSHumanReadableCopyright = "";
				LD_RUNPATH_SEARCH_PATHS = (
					"$(inherited)",
					"@executable_path/Frameworks",
					"@executable_path/../../Frameworks",
				);
				MARKETING_VERSION = 1.0;
				PRODUCT_BUNDLE_IDENTIFIER = LawlietStudio.LiveActivityAPI.OrderStatus;
				PRODUCT_NAME = "$(TARGET_NAME)";
				SKIP_INSTALL = YES;
				SWIFT_EMIT_LOC_STRINGS = YES;
				SWIFT_VERSION = 5.0;
				TARGETED_DEVICE_FAMILY = "1,2";
			};
			name = Release;
		};
/* End XCBuildConfiguration section */

/* Begin XCConfigurationList section */
		4D0896D32DBEF3600029FE55 /* Build configuration list for PBXProject "LiveActivityAPI" */ = {
			isa = XCConfigurationList;
			buildConfigurations = (
				4D0896E42DBEF3620029FE55 /* Debug */,
				4D0896E52DBEF3620029FE55 /* Release */,
			);
			defaultConfigurationIsVisible = 0;
			defaultConfigurationName = Release;
		};
		4D0896E62DBEF3620029FE55 /* Build configuration list for PBXNativeTarget "LiveActivityAPI" */ = {
			isa = XCConfigurationList;
			buildConfigurations = (
				4D0896E72DBEF3620029FE55 /* Debug */,
				4D0896E82DBEF3620029FE55 /* Release */,
			);
			defaultConfigurationIsVisible = 0;
			defaultConfigurationName = Release;
		};
		4D0897052DBEF3CA0029FE55 /* Build configuration list for PBXNativeTarget "OrderStatusExtension" */ = {
			isa = XCConfigurationList;
			buildConfigurations = (
				4D0897062DBEF3CA0029FE55 /* Debug */,
				4D0897072DBEF3CA0029FE55 /* Release */,
			);
			defaultConfigurationIsVisible = 0;
			defaultConfigurationName = Release;
		};
/* End XCConfigurationList section */
	};
	rootObject = 4D0896D02DBEF3600029FE55 /* Project object */;
}
