// !$*UTF8*$!
{
	archiveVersion = 1;
	classes = {
	};
	objectVersion = 56;
	objects = {

/* Begin PBXBuildFile section */
		4D69D82B2AC42F5B004969E9 /* ParallaxCarouselScrollApp.swift in Sources */ = {isa = PBXBuildFile; fileRef = 4D69D82A2AC42F5B004969E9 /* ParallaxCarouselScrollApp.swift */; };
		4D69D82D2AC42F5B004969E9 /* ContentView.swift in Sources */ = {isa = PBXBuildFile; fileRef = 4D69D82C2AC42F5B004969E9 /* ContentView.swift */; };
		4D69D82F2AC42F5C004969E9 /* Assets.xcassets in Resources */ = {isa = PBXBuildFile; fileRef = 4D69D82E2AC42F5C004969E9 /* Assets.xcassets */; };
		4D69D8322AC42F5C004969E9 /* Preview Assets.xcassets in Resources */ = {isa = PBXBuildFile; fileRef = 4D69D8312AC42F5C004969E9 /* Preview Assets.xcassets */; };
		4D69D8342AC42F5C004969E9 /* Persistence.swift in Sources */ = {isa = PBXBuildFile; fileRef = 4D69D8332AC42F5C004969E9 /* Persistence.swift */; };
		4D69D8372AC42F5C004969E9 /* ParallaxCarouselScroll.xcdatamodeld in Sources */ = {isa = PBXBuildFile; fileRef = 4D69D8352AC42F5C004969E9 /* ParallaxCarouselScroll.xcdatamodeld */; };
		4D69D8402AC43045004969E9 /* TripCard.swift in Sources */ = {isa = PBXBuildFile; fileRef = 4D69D83F2AC43045004969E9 /* TripCard.swift */; };
		4D69D8422AC43174004969E9 /* Home.swift in Sources */ = {isa = PBXBuildFile; fileRef = 4D69D8412AC43174004969E9 /* Home.swift */; };
/* End PBXBuildFile section */

/* Begin PBXFileReference section */
		4D69D8272AC42F5B004969E9 /* ParallaxCarouselScroll.app */ = {isa = PBXFileReference; explicitFileType = wrapper.application; includeInIndex = 0; path = ParallaxCarouselScroll.app; sourceTree = BUILT_PRODUCTS_DIR; };
		4D69D82A2AC42F5B004969E9 /* ParallaxCarouselScrollApp.swift */ = {isa = PBXFileReference; lastKnownFileType = sourcecode.swift; path = ParallaxCarouselScrollApp.swift; sourceTree = "<group>"; };
		4D69D82C2AC42F5B004969E9 /* ContentView.swift */ = {isa = PBXFileReference; lastKnownFileType = sourcecode.swift; path = ContentView.swift; sourceTree = "<group>"; };
		4D69D82E2AC42F5C004969E9 /* Assets.xcassets */ = {isa = PBXFileReference; lastKnownFileType = folder.assetcatalog; path = Assets.xcassets; sourceTree = "<group>"; };
		4D69D8312AC42F5C004969E9 /* Preview Assets.xcassets */ = {isa = PBXFileReference; lastKnownFileType = folder.assetcatalog; path = "Preview Assets.xcassets"; sourceTree = "<group>"; };
		4D69D8332AC42F5C004969E9 /* Persistence.swift */ = {isa = PBXFileReference; lastKnownFileType = sourcecode.swift; path = Persistence.swift; sourceTree = "<group>"; };
		4D69D8362AC42F5C004969E9 /* ParallaxCarouselScroll.xcdatamodel */ = {isa = PBXFileReference; lastKnownFileType = wrapper.xcdatamodel; path = ParallaxCarouselScroll.xcdatamodel; sourceTree = "<group>"; };
		4D69D83F2AC43045004969E9 /* TripCard.swift */ = {isa = PBXFileReference; lastKnownFileType = sourcecode.swift; path = TripCard.swift; sourceTree = "<group>"; };
		4D69D8412AC43174004969E9 /* Home.swift */ = {isa = PBXFileReference; lastKnownFileType = sourcecode.swift; path = Home.swift; sourceTree = "<group>"; };
/* End PBXFileReference section */

/* Begin PBXFrameworksBuildPhase section */
		4D69D8242AC42F5B004969E9 /* Frameworks */ = {
			isa = PBXFrameworksBuildPhase;
			buildActionMask = 2147483647;
			files = (
			);
			runOnlyForDeploymentPostprocessing = 0;
		};
/* End PBXFrameworksBuildPhase section */

/* Begin PBXGroup section */
		4D69D81E2AC42F5B004969E9 = {
			isa = PBXGroup;
			children = (
				4D69D8292AC42F5B004969E9 /* ParallaxCarouselScroll */,
				4D69D8282AC42F5B004969E9 /* Products */,
			);
			sourceTree = "<group>";
		};
		4D69D8282AC42F5B004969E9 /* Products */ = {
			isa = PBXGroup;
			children = (
				4D69D8272AC42F5B004969E9 /* ParallaxCarouselScroll.app */,
			);
			name = Products;
			sourceTree = "<group>";
		};
		4D69D8292AC42F5B004969E9 /* ParallaxCarouselScroll */ = {
			isa = PBXGroup;
			children = (
				4D69D83E2AC43031004969E9 /* Model */,
				4D69D83D2AC4302B004969E9 /* View */,
				4D69D82A2AC42F5B004969E9 /* ParallaxCarouselScrollApp.swift */,
				4D69D82C2AC42F5B004969E9 /* ContentView.swift */,
				4D69D82E2AC42F5C004969E9 /* Assets.xcassets */,
				4D69D8332AC42F5C004969E9 /* Persistence.swift */,
				4D69D8352AC42F5C004969E9 /* ParallaxCarouselScroll.xcdatamodeld */,
				4D69D8302AC42F5C004969E9 /* Preview Content */,
			);
			path = ParallaxCarouselScroll;
			sourceTree = "<group>";
		};
		4D69D8302AC42F5C004969E9 /* Preview Content */ = {
			isa = PBXGroup;
			children = (
				4D69D8312AC42F5C004969E9 /* Preview Assets.xcassets */,
			);
			path = "Preview Content";
			sourceTree = "<group>";
		};
		4D69D83D2AC4302B004969E9 /* View */ = {
			isa = PBXGroup;
			children = (
				4D69D8412AC43174004969E9 /* Home.swift */,
			);
			path = View;
			sourceTree = "<group>";
		};
		4D69D83E2AC43031004969E9 /* Model */ = {
			isa = PBXGroup;
			children = (
				4D69D83F2AC43045004969E9 /* TripCard.swift */,
			);
			path = Model;
			sourceTree = "<group>";
		};
/* End PBXGroup section */

/* Begin PBXNativeTarget section */
		4D69D8262AC42F5B004969E9 /* ParallaxCarouselScroll */ = {
			isa = PBXNativeTarget;
			buildConfigurationList = 4D69D83A2AC42F5C004969E9 /* Build configuration list for PBXNativeTarget "ParallaxCarouselScroll" */;
			buildPhases = (
				4D69D8232AC42F5B004969E9 /* Sources */,
				4D69D8242AC42F5B004969E9 /* Frameworks */,
				4D69D8252AC42F5B004969E9 /* Resources */,
			);
			buildRules = (
			);
			dependencies = (
			);
			name = ParallaxCarouselScroll;
			productName = ParallaxCarouselScroll;
			productReference = 4D69D8272AC42F5B004969E9 /* ParallaxCarouselScroll.app */;
			productType = "com.apple.product-type.application";
		};
/* End PBXNativeTarget section */

/* Begin PBXProject section */
		4D69D81F2AC42F5B004969E9 /* Project object */ = {
			isa = PBXProject;
			attributes = {
				BuildIndependentTargetsInParallel = 1;
				LastSwiftUpdateCheck = 1500;
				LastUpgradeCheck = 1500;
				TargetAttributes = {
					4D69D8262AC42F5B004969E9 = {
						CreatedOnToolsVersion = 15.0;
					};
				};
			};
			buildConfigurationList = 4D69D8222AC42F5B004969E9 /* Build configuration list for PBXProject "ParallaxCarouselScroll" */;
			compatibilityVersion = "Xcode 14.0";
			developmentRegion = en;
			hasScannedForEncodings = 0;
			knownRegions = (
				en,
				Base,
			);
			mainGroup = 4D69D81E2AC42F5B004969E9;
			productRefGroup = 4D69D8282AC42F5B004969E9 /* Products */;
			projectDirPath = "";
			projectRoot = "";
			targets = (
				4D69D8262AC42F5B004969E9 /* ParallaxCarouselScroll */,
			);
		};
/* End PBXProject section */

/* Begin PBXResourcesBuildPhase section */
		4D69D8252AC42F5B004969E9 /* Resources */ = {
			isa = PBXResourcesBuildPhase;
			buildActionMask = 2147483647;
			files = (
				4D69D8322AC42F5C004969E9 /* Preview Assets.xcassets in Resources */,
				4D69D82F2AC42F5C004969E9 /* Assets.xcassets in Resources */,
			);
			runOnlyForDeploymentPostprocessing = 0;
		};
/* End PBXResourcesBuildPhase section */

/* Begin PBXSourcesBuildPhase section */
		4D69D8232AC42F5B004969E9 /* Sources */ = {
			isa = PBXSourcesBuildPhase;
			buildActionMask = 2147483647;
			files = (
				4D69D8342AC42F5C004969E9 /* Persistence.swift in Sources */,
				4D69D8372AC42F5C004969E9 /* ParallaxCarouselScroll.xcdatamodeld in Sources */,
				4D69D82D2AC42F5B004969E9 /* ContentView.swift in Sources */,
				4D69D82B2AC42F5B004969E9 /* ParallaxCarouselScrollApp.swift in Sources */,
				4D69D8422AC43174004969E9 /* Home.swift in Sources */,
				4D69D8402AC43045004969E9 /* TripCard.swift in Sources */,
			);
			runOnlyForDeploymentPostprocessing = 0;
		};
/* End PBXSourcesBuildPhase section */

/* Begin XCBuildConfiguration section */
		4D69D8382AC42F5C004969E9 /* Debug */ = {
			isa = XCBuildConfiguration;
			buildSettings = {
				ALWAYS_SEARCH_USER_PATHS = NO;
				ASSETCATALOG_COMPILER_GENERATE_SWIFT_ASSET_SYMBOL_EXTENSIONS = YES;
				CLANG_ANALYZER_NONNULL = YES;
				CLANG_ANALYZER_NUMBER_OBJECT_CONVERSION = YES_AGGRESSIVE;
				CLANG_CXX_LANGUAGE_STANDARD = "gnu++20";
				CLANG_ENABLE_MODULES = YES;
				CLANG_ENABLE_OBJC_ARC = YES;
				CLANG_ENABLE_OBJC_WEAK = YES;
				CLANG_WARN_BLOCK_CAPTURE_AUTORELEASING = YES;
				CLANG_WARN_BOOL_CONVERSION = YES;
				CLANG_WARN_COMMA = YES;
				CLANG_WARN_CONSTANT_CONVERSION = YES;
				CLANG_WARN_DEPRECATED_OBJC_IMPLEMENTATIONS = YES;
				CLANG_WARN_DIRECT_OBJC_ISA_USAGE = YES_ERROR;
				CLANG_WARN_DOCUMENTATION_COMMENTS = YES;
				CLANG_WARN_EMPTY_BODY = YES;
				CLANG_WARN_ENUM_CONVERSION = YES;
				CLANG_WARN_INFINITE_RECURSION = YES;
				CLANG_WARN_INT_CONVERSION = YES;
				CLANG_WARN_NON_LITERAL_NULL_CONVERSION = YES;
				CLANG_WARN_OBJC_IMPLICIT_RETAIN_SELF = YES;
				CLANG_WARN_OBJC_LITERAL_CONVERSION = YES;
				CLANG_WARN_OBJC_ROOT_CLASS = YES_ERROR;
				CLANG_WARN_QUOTED_INCLUDE_IN_FRAMEWORK_HEADER = YES;
				CLANG_WARN_RANGE_LOOP_ANALYSIS = YES;
				CLANG_WARN_STRICT_PROTOTYPES = YES;
				CLANG_WARN_SUSPICIOUS_MOVE = YES;
				CLANG_WARN_UNGUARDED_AVAILABILITY = YES_AGGRESSIVE;
				CLANG_WARN_UNREACHABLE_CODE = YES;
				CLANG_WARN__DUPLICATE_METHOD_MATCH = YES;
				COPY_PHASE_STRIP = NO;
				DEBUG_INFORMATION_FORMAT = dwarf;
				ENABLE_STRICT_OBJC_MSGSEND = YES;
				ENABLE_TESTABILITY = YES;
				ENABLE_USER_SCRIPT_SANDBOXING = YES;
				GCC_C_LANGUAGE_STANDARD = gnu17;
				GCC_DYNAMIC_NO_PIC = NO;
				GCC_NO_COMMON_BLOCKS = YES;
				GCC_OPTIMIZATION_LEVEL = 0;
				GCC_PREPROCESSOR_DEFINITIONS = (
					"DEBUG=1",
					"$(inherited)",
				);
				GCC_WARN_64_TO_32_BIT_CONVERSION = YES;
				GCC_WARN_ABOUT_RETURN_TYPE = YES_ERROR;
				GCC_WARN_UNDECLARED_SELECTOR = YES;
				GCC_WARN_UNINITIALIZED_AUTOS = YES_AGGRESSIVE;
				GCC_WARN_UNUSED_FUNCTION = YES;
				GCC_WARN_UNUSED_VARIABLE = YES;
				IPHONEOS_DEPLOYMENT_TARGET = 17.0;
				LOCALIZATION_PREFERS_STRING_CATALOGS = YES;
				MTL_ENABLE_DEBUG_INFO = INCLUDE_SOURCE;
				MTL_FAST_MATH = YES;
				ONLY_ACTIVE_ARCH = YES;
				SDKROOT = iphoneos;
				SWIFT_ACTIVE_COMPILATION_CONDITIONS = "DEBUG $(inherited)";
				SWIFT_OPTIMIZATION_LEVEL = "-Onone";
			};
			name = Debug;
		};
		4D69D8392AC42F5C004969E9 /* Release */ = {
			isa = XCBuildConfiguration;
			buildSettings = {
				ALWAYS_SEARCH_USER_PATHS = NO;
				ASSETCATALOG_COMPILER_GENERATE_SWIFT_ASSET_SYMBOL_EXTENSIONS = YES;
				CLANG_ANALYZER_NONNULL = YES;
				CLANG_ANALYZER_NUMBER_OBJECT_CONVERSION = YES_AGGRESSIVE;
				CLANG_CXX_LANGUAGE_STANDARD = "gnu++20";
				CLANG_ENABLE_MODULES = YES;
				CLANG_ENABLE_OBJC_ARC = YES;
				CLANG_ENABLE_OBJC_WEAK = YES;
				CLANG_WARN_BLOCK_CAPTURE_AUTORELEASING = YES;
				CLANG_WARN_BOOL_CONVERSION = YES;
				CLANG_WARN_COMMA = YES;
				CLANG_WARN_CONSTANT_CONVERSION = YES;
				CLANG_WARN_DEPRECATED_OBJC_IMPLEMENTATIONS = YES;
				CLANG_WARN_DIRECT_OBJC_ISA_USAGE = YES_ERROR;
				CLANG_WARN_DOCUMENTATION_COMMENTS = YES;
				CLANG_WARN_EMPTY_BODY = YES;
				CLANG_WARN_ENUM_CONVERSION = YES;
				CLANG_WARN_INFINITE_RECURSION = YES;
				CLANG_WARN_INT_CONVERSION = YES;
				CLANG_WARN_NON_LITERAL_NULL_CONVERSION = YES;
				CLANG_WARN_OBJC_IMPLICIT_RETAIN_SELF = YES;
				CLANG_WARN_OBJC_LITERAL_CONVERSION = YES;
				CLANG_WARN_OBJC_ROOT_CLASS = YES_ERROR;
				CLANG_WARN_QUOTED_INCLUDE_IN_FRAMEWORK_HEADER = YES;
				CLANG_WARN_RANGE_LOOP_ANALYSIS = YES;
				CLANG_WARN_STRICT_PROTOTYPES = YES;
				CLANG_WARN_SUSPICIOUS_MOVE = YES;
				CLANG_WARN_UNGUARDED_AVAILABILITY = YES_AGGRESSIVE;
				CLANG_WARN_UNREACHABLE_CODE = YES;
				CLANG_WARN__DUPLICATE_METHOD_MATCH = YES;
				COPY_PHASE_STRIP = NO;
				DEBUG_INFORMATION_FORMAT = "dwarf-with-dsym";
				ENABLE_NS_ASSERTIONS = NO;
				ENABLE_STRICT_OBJC_MSGSEND = YES;
				ENABLE_USER_SCRIPT_SANDBOXING = YES;
				GCC_C_LANGUAGE_STANDARD = gnu17;
				GCC_NO_COMMON_BLOCKS = YES;
				GCC_WARN_64_TO_32_BIT_CONVERSION = YES;
				GCC_WARN_ABOUT_RETURN_TYPE = YES_ERROR;
				GCC_WARN_UNDECLARED_SELECTOR = YES;
				GCC_WARN_UNINITIALIZED_AUTOS = YES_AGGRESSIVE;
				GCC_WARN_UNUSED_FUNCTION = YES;
				GCC_WARN_UNUSED_VARIABLE = YES;
				IPHONEOS_DEPLOYMENT_TARGET = 17.0;
				LOCALIZATION_PREFERS_STRING_CATALOGS = YES;
				MTL_ENABLE_DEBUG_INFO = NO;
				MTL_FAST_MATH = YES;
				SDKROOT = iphoneos;
				SWIFT_COMPILATION_MODE = wholemodule;
				VALIDATE_PRODUCT = YES;
			};
			name = Release;
		};
		4D69D83B2AC42F5C004969E9 /* Debug */ = {
			isa = XCBuildConfiguration;
			buildSettings = {
				ASSETCATALOG_COMPILER_APPICON_NAME = AppIcon;
				ASSETCATALOG_COMPILER_GLOBAL_ACCENT_COLOR_NAME = AccentColor;
				CODE_SIGN_STYLE = Automatic;
				CURRENT_PROJECT_VERSION = 1;
				DEVELOPMENT_ASSET_PATHS = "\"ParallaxCarouselScroll/Preview Content\"";
				DEVELOPMENT_TEAM = 44Y5KSFRJB;
				ENABLE_PREVIEWS = YES;
				GENERATE_INFOPLIST_FILE = YES;
				INFOPLIST_KEY_UIApplicationSceneManifest_Generation = YES;
				INFOPLIST_KEY_UIApplicationSupportsIndirectInputEvents = YES;
				INFOPLIST_KEY_UILaunchScreen_Generation = YES;
				INFOPLIST_KEY_UISupportedInterfaceOrientations_iPad = "UIInterfaceOrientationPortrait UIInterfaceOrientationPortraitUpsideDown UIInterfaceOrientationLandscapeLeft UIInterfaceOrientationLandscapeRight";
				INFOPLIST_KEY_UISupportedInterfaceOrientations_iPhone = "UIInterfaceOrientationPortrait UIInterfaceOrientationLandscapeLeft UIInterfaceOrientationLandscapeRight";
				LD_RUNPATH_SEARCH_PATHS = (
					"$(inherited)",
					"@executable_path/Frameworks",
				);
				MARKETING_VERSION = 1.0;
				PRODUCT_BUNDLE_IDENTIFIER = LawlietStudio.ParallaxCarouselScroll;
				PRODUCT_NAME = "$(TARGET_NAME)";
				SWIFT_EMIT_LOC_STRINGS = YES;
				SWIFT_VERSION = 5.0;
				TARGETED_DEVICE_FAMILY = "1,2";
			};
			name = Debug;
		};
		4D69D83C2AC42F5C004969E9 /* Release */ = {
			isa = XCBuildConfiguration;
			buildSettings = {
				ASSETCATALOG_COMPILER_APPICON_NAME = AppIcon;
				ASSETCATALOG_COMPILER_GLOBAL_ACCENT_COLOR_NAME = AccentColor;
				CODE_SIGN_STYLE = Automatic;
				CURRENT_PROJECT_VERSION = 1;
				DEVELOPMENT_ASSET_PATHS = "\"ParallaxCarouselScroll/Preview Content\"";
				DEVELOPMENT_TEAM = 44Y5KSFRJB;
				ENABLE_PREVIEWS = YES;
				GENERATE_INFOPLIST_FILE = YES;
				INFOPLIST_KEY_UIApplicationSceneManifest_Generation = YES;
				INFOPLIST_KEY_UIApplicationSupportsIndirectInputEvents = YES;
				INFOPLIST_KEY_UILaunchScreen_Generation = YES;
				INFOPLIST_KEY_UISupportedInterfaceOrientations_iPad = "UIInterfaceOrientationPortrait UIInterfaceOrientationPortraitUpsideDown UIInterfaceOrientationLandscapeLeft UIInterfaceOrientationLandscapeRight";
				INFOPLIST_KEY_UISupportedInterfaceOrientations_iPhone = "UIInterfaceOrientationPortrait UIInterfaceOrientationLandscapeLeft UIInterfaceOrientationLandscapeRight";
				LD_RUNPATH_SEARCH_PATHS = (
					"$(inherited)",
					"@executable_path/Frameworks",
				);
				MARKETING_VERSION = 1.0;
				PRODUCT_BUNDLE_IDENTIFIER = LawlietStudio.ParallaxCarouselScroll;
				PRODUCT_NAME = "$(TARGET_NAME)";
				SWIFT_EMIT_LOC_STRINGS = YES;
				SWIFT_VERSION = 5.0;
				TARGETED_DEVICE_FAMILY = "1,2";
			};
			name = Release;
		};
/* End XCBuildConfiguration section */

/* Begin XCConfigurationList section */
		4D69D8222AC42F5B004969E9 /* Build configuration list for PBXProject "ParallaxCarouselScroll" */ = {
			isa = XCConfigurationList;
			buildConfigurations = (
				4D69D8382AC42F5C004969E9 /* Debug */,
				4D69D8392AC42F5C004969E9 /* Release */,
			);
			defaultConfigurationIsVisible = 0;
			defaultConfigurationName = Release;
		};
		4D69D83A2AC42F5C004969E9 /* Build configuration list for PBXNativeTarget "ParallaxCarouselScroll" */ = {
			isa = XCConfigurationList;
			buildConfigurations = (
				4D69D83B2AC42F5C004969E9 /* Debug */,
				4D69D83C2AC42F5C004969E9 /* Release */,
			);
			defaultConfigurationIsVisible = 0;
			defaultConfigurationName = Release;
		};
/* End XCConfigurationList section */

/* Begin XCVersionGroup section */
		4D69D8352AC42F5C004969E9 /* ParallaxCarouselScroll.xcdatamodeld */ = {
			isa = XCVersionGroup;
			children = (
				4D69D8362AC42F5C004969E9 /* ParallaxCarouselScroll.xcdatamodel */,
			);
			currentVersion = 4D69D8362AC42F5C004969E9 /* ParallaxCarouselScroll.xcdatamodel */;
			path = ParallaxCarouselScroll.xcdatamodeld;
			sourceTree = "<group>";
			versionGroupType = wrapper.xcdatamodel;
		};
/* End XCVersionGroup section */
	};
	rootObject = 4D69D81F2AC42F5B004969E9 /* Project object */;
}
